{
  "version": 4,
  "terraform_version": "1.8.5",
  "serial": 197,
  "lineage": "4fc0933b-6336-7c95-bdfd-385ea92b5588",
  "outputs": {},
  "resources": [
    {
      "module": "module.gerador-dev",
      "mode": "data",
      "type": "aws_caller_identity",
      "name": "current",
      "provider": "provider[\"registry.terraform.io/hashicorp/aws\"]",
      "instances": [
        {
          "schema_version": 0,
          "attributes": {
            "account_id": "637423345847",
            "arn": "arn:aws:iam::637423345847:user/Renato",
            "id": "637423345847",
            "user_id": "AIDAZI2LEMC34R2EMZ2DX"
          },
          "sensitive_attributes": []
        }
      ]
    },
    {
      "module": "module.gerador-dev",
      "mode": "data",
      "type": "aws_iam_policy_document",
      "name": "assume_role_policy",
      "provider": "provider[\"registry.terraform.io/hashicorp/aws\"]",
      "instances": [
        {
          "index_key": 0,
          "schema_version": 0,
          "attributes": {
            "id": "2764486067",
            "json": "{\n  \"Version\": \"2012-10-17\",\n  \"Statement\": [\n    {\n      \"Sid\": \"EKSClusterAssumeRole\",\n      \"Effect\": \"Allow\",\n      \"Action\": \"sts:AssumeRole\",\n      \"Principal\": {\n        \"Service\": \"eks.amazonaws.com\"\n      }\n    }\n  ]\n}",
            "minified_json": "{\"Version\":\"2012-10-17\",\"Statement\":[{\"Sid\":\"EKSClusterAssumeRole\",\"Effect\":\"Allow\",\"Action\":\"sts:AssumeRole\",\"Principal\":{\"Service\":\"eks.amazonaws.com\"}}]}",
            "override_json": null,
            "override_policy_documents": null,
            "policy_id": null,
            "source_json": null,
            "source_policy_documents": null,
            "statement": [
              {
                "actions": [
                  "sts:AssumeRole"
                ],
                "condition": [],
                "effect": "Allow",
                "not_actions": [],
                "not_principals": [],
                "not_resources": [],
                "principals": [
                  {
                    "identifiers": [
                      "eks.amazonaws.com"
                    ],
                    "type": "Service"
                  }
                ],
                "resources": [],
                "sid": "EKSClusterAssumeRole"
              }
            ],
            "version": "2012-10-17"
          },
          "sensitive_attributes": []
        }
      ]
    },
    {
      "module": "module.gerador-dev",
      "mode": "data",
      "type": "aws_iam_session_context",
      "name": "current",
      "provider": "provider[\"registry.terraform.io/hashicorp/aws\"]",
      "instances": [
        {
          "schema_version": 0,
          "attributes": {
            "arn": "arn:aws:iam::637423345847:user/Renato",
            "id": "arn:aws:iam::637423345847:user/Renato",
            "issuer_arn": "arn:aws:iam::637423345847:user/Renato",
            "issuer_id": "",
            "issuer_name": "",
            "session_name": ""
          },
          "sensitive_attributes": []
        }
      ]
    },
    {
      "module": "module.gerador-dev",
      "mode": "data",
      "type": "aws_partition",
      "name": "current",
      "provider": "provider[\"registry.terraform.io/hashicorp/aws\"]",
      "instances": [
        {
          "schema_version": 0,
          "attributes": {
            "dns_suffix": "amazonaws.com",
            "id": "aws",
            "partition": "aws",
            "reverse_dns_prefix": "com.amazonaws"
          },
          "sensitive_attributes": []
        }
      ]
    },
    {
      "module": "module.gerador-dev",
      "mode": "data",
      "type": "tls_certificate",
      "name": "this",
      "provider": "provider[\"registry.terraform.io/hashicorp/tls\"]",
      "instances": [
        {
          "index_key": 0,
          "schema_version": 0,
          "attributes": {
            "certificates": [
              {
                "cert_pem": "-----BEGIN CERTIFICATE-----\nMIIEdTCCA12gAwIBAgIJAKcOSkw0grd/MA0GCSqGSIb3DQEBCwUAMGgxCzAJBgNV\nBAYTAlVTMSUwIwYDVQQKExxTdGFyZmllbGQgVGVjaG5vbG9naWVzLCBJbmMuMTIw\nMAYDVQQLEylTdGFyZmllbGQgQ2xhc3MgMiBDZXJ0aWZpY2F0aW9uIEF1dGhvcml0\neTAeFw0wOTA5MDIwMDAwMDBaFw0zNDA2MjgxNzM5MTZaMIGYMQswCQYDVQQGEwJV\nUzEQMA4GA1UECBMHQXJpem9uYTETMBEGA1UEBxMKU2NvdHRzZGFsZTElMCMGA1UE\nChMcU3RhcmZpZWxkIFRlY2hub2xvZ2llcywgSW5jLjE7MDkGA1UEAxMyU3RhcmZp\nZWxkIFNlcnZpY2VzIFJvb3QgQ2VydGlmaWNhdGUgQXV0aG9yaXR5IC0gRzIwggEi\nMA0GCSqGSIb3DQEBAQUAA4IBDwAwggEKAoIBAQDVDDrEKvlO4vW+GZdfjohTsR8/\ny8+fIBNtKTrID30892t2OGPZNmCom15cAICyL1l/9of5JUOG52kbUpqQ4XHj2C0N\nTm/2yEnZtvMaVq4rtnQU68/7JuMauh2WLmo7WJSJR1b/JaCTcFOD2oR0FMNnngRo\nOt+OQFodSk7PQ5E751bWAHDLUu57fa4657wx+UX2wmDPE1kCK4DMNEffud6QZW0C\nzyyRpqbn3oUYSXxmTqM6bam17jQuug0DuDPfR+uxa40l2ZvOgdFFRjKWcIfeAg5J\nQ4W2bHO7ZOphQazJ1FTfhy/HIrImzJ9ZVGif/L4qL8RVHHVAYBeFAlU5i38FAgMB\nAAGjgfAwge0wDwYDVR0TAQH/BAUwAwEB/zAOBgNVHQ8BAf8EBAMCAYYwHQYDVR0O\nBBYEFJxfAN+qAdcwKziIorhtSpzyEZGDMB8GA1UdIwQYMBaAFL9ft9HO3R+G9FtV\nrNzXEMIOqYjnME8GCCsGAQUFBwEBBEMwQTAcBggrBgEFBQcwAYYQaHR0cDovL28u\nc3MyLnVzLzAhBggrBgEFBQcwAoYVaHR0cDovL3guc3MyLnVzL3guY2VyMCYGA1Ud\nHwQfMB0wG6AZoBeGFWh0dHA6Ly9zLnNzMi51cy9yLmNybDARBgNVHSAECjAIMAYG\nBFUdIAAwDQYJKoZIhvcNAQELBQADggEBACMd44pXyn3pF3lM8R5V/cxTbj5HD9/G\nVfKyBDbtgB9TxF00KGu+x1X8Z+rLP3+QsjPNG1gQggL4+C/1E2DUBc7xgQjB3ad1\nl08YuW3e95ORCLp+QCztweq7dp4zBncdDQh/U90bZKuCJ/Fp1U1ervShw3WnWEQt\n8jxwmKy6abaVd38PMV4s/KCHOkdp8Hlf9BRUpJVeEXgSYCfOn8J3/yNTd126/+pZ\n59vPr5KW7ySaNRB6nJHGDn2Z9j8Z3/VyVOEVqQdZe4O/Ui5GjLIAZHYcSNPYeehu\nVsyuLAOQ1xk4meTKCRlb/weWsKh/NEnfVqn3sF/tM+2MR7cwA130A4w=\n-----END CERTIFICATE-----\n",
                "is_ca": true,
                "issuer": "OU=Starfield Class 2 Certification Authority,O=Starfield Technologies\\, Inc.,C=US",
                "not_after": "2034-06-28T17:39:16Z",
                "not_before": "2009-09-02T00:00:00Z",
                "public_key_algorithm": "RSA",
                "serial_number": "12037640545166866303",
                "sha1_fingerprint": "9e99a48a9960b14926bb7f3b02e22da2b0ab7280",
                "signature_algorithm": "SHA256-RSA",
                "subject": "CN=Starfield Services Root Certificate Authority - G2,O=Starfield Technologies\\, Inc.,L=Scottsdale,ST=Arizona,C=US",
                "version": 3
              },
              {
                "cert_pem": "-----BEGIN CERTIFICATE-----\nMIIEkjCCA3qgAwIBAgITBn+USionzfP6wq4rAfkI7rnExjANBgkqhkiG9w0BAQsF\nADCBmDELMAkGA1UEBhMCVVMxEDAOBgNVBAgTB0FyaXpvbmExEzARBgNVBAcTClNj\nb3R0c2RhbGUxJTAjBgNVBAoTHFN0YXJmaWVsZCBUZWNobm9sb2dpZXMsIEluYy4x\nOzA5BgNVBAMTMlN0YXJmaWVsZCBTZXJ2aWNlcyBSb290IENlcnRpZmljYXRlIEF1\ndGhvcml0eSAtIEcyMB4XDTE1MDUyNTEyMDAwMFoXDTM3MTIzMTAxMDAwMFowOTEL\nMAkGA1UEBhMCVVMxDzANBgNVBAoTBkFtYXpvbjEZMBcGA1UEAxMQQW1hem9uIFJv\nb3QgQ0EgMTCCASIwDQYJKoZIhvcNAQEBBQADggEPADCCAQoCggEBALJ4gHHKeNXj\nca9HgFB0fW7Y14h29Jlo91ghYPl0hAEvrAIthtOgQ3pOsqTQNroBvo3bSMgHFzZM\n9O6II8c+6zf1tRn4SWiw3te5djgdYZ6k/oI2peVKVuRF4fn9tBb6dNqcmzU5L/qw\nIFAGbHrQgLKm+a/sRxmPUDgH3KKHOVj4utWp+UhnMJbulHheb4mjUcAwhmahRWa6\nVOujw5H5SNz/0egwLX0tdHA114gk957EWW67c4cX8jJGKLhD+rcdqsq08p8kDi1L\n93FcXmn/6pUCyziKrlA4b9v7LWIbxcceVOF34GfID5yHI9Y/QCB/IIDEgEw+OyQm\njgSubJrIqg0CAwEAAaOCATEwggEtMA8GA1UdEwEB/wQFMAMBAf8wDgYDVR0PAQH/\nBAQDAgGGMB0GA1UdDgQWBBSEGMyFNOy8DJSULghZnMeyEE4KCDAfBgNVHSMEGDAW\ngBScXwDfqgHXMCs4iKK4bUqc8hGRgzB4BggrBgEFBQcBAQRsMGowLgYIKwYBBQUH\nMAGGImh0dHA6Ly9vY3NwLnJvb3RnMi5hbWF6b250cnVzdC5jb20wOAYIKwYBBQUH\nMAKGLGh0dHA6Ly9jcnQucm9vdGcyLmFtYXpvbnRydXN0LmNvbS9yb290ZzIuY2Vy\nMD0GA1UdHwQ2MDQwMqAwoC6GLGh0dHA6Ly9jcmwucm9vdGcyLmFtYXpvbnRydXN0\nLmNvbS9yb290ZzIuY3JsMBEGA1UdIAQKMAgwBgYEVR0gADANBgkqhkiG9w0BAQsF\nAAOCAQEAYjdCXLwQtT6LLOkMm2xF4gcAevnFWAu5CIw+7bMlPLVvUOTNNWqnkzSW\nMiGpSESrnO09tKpzbeR/FoCJbM8oAxiDR3mjEH4wW6w7sGDgd9QIpuEdfF7Au/ma\neyKdpwAJfqxGF4PcnCZXmTA5YpaP7dreqsXMGz7KQ2hsVxa81Q4gLv7/wmpdLqBK\nbRRYh5TmOTFffHPLkIhqhBGWJ6bt2YFGpn6jcgAKUj6DiAdjd4lpFw85hdKrCEVN\n0FE6/V1dN2RMfjCyVSRCnTawXZwXgWHxyvkQAiSr6w10kY17RSlQOYiypok1JR4U\nakcjMS9cmvqtmg5iUaQqqcT5NJ0hGA==\n-----END CERTIFICATE-----\n",
                "is_ca": true,
                "issuer": "CN=Starfield Services Root Certificate Authority - G2,O=Starfield Technologies\\, Inc.,L=Scottsdale,ST=Arizona,C=US",
                "not_after": "2037-12-31T01:00:00Z",
                "not_before": "2015-05-25T12:00:00Z",
                "public_key_algorithm": "RSA",
                "serial_number": "144918191876577076464031512351042010504348870",
                "sha1_fingerprint": "06b25927c42a721631c1efd9431e648fa62e1e39",
                "signature_algorithm": "SHA256-RSA",
                "subject": "CN=Amazon Root CA 1,O=Amazon,C=US",
                "version": 3
              },
              {
                "cert_pem": "-----BEGIN CERTIFICATE-----\nMIIEXjCCA0agAwIBAgITB3MSSkvL1E7HtTvq8ZSELToPoTANBgkqhkiG9w0BAQsF\nADA5MQswCQYDVQQGEwJVUzEPMA0GA1UEChMGQW1hem9uMRkwFwYDVQQDExBBbWF6\nb24gUm9vdCBDQSAxMB4XDTIyMDgyMzIyMjUzMFoXDTMwMDgyMzIyMjUzMFowPDEL\nMAkGA1UEBhMCVVMxDzANBgNVBAoTBkFtYXpvbjEcMBoGA1UEAxMTQW1hem9uIFJT\nQSAyMDQ4IE0wMjCCASIwDQYJKoZIhvcNAQEBBQADggEPADCCAQoCggEBALtDGMZa\nqHneKei1by6+pUPPLljTB143Si6VpEWPc6mSkFhZb/6qrkZyoHlQLbDYnI2D7hD0\nsdzEqfnuAjIsuXQLG3A8TvX6V3oFNBFVe8NlLJHvBseKY88saLwufxkZVwk74g4n\nWlNMXzla9Y5F3wwRHwMVH443xGz6UtGSZSqQ94eFx5X7Tlqt8whi8qCaKdZ5rNak\n+r9nUThOeClqFd4oXych//Rc7Y0eX1KNWHYSI1Nk31mYgiK3JvH063g+K9tHA63Z\neTgKgndlh+WI+zv7i44HepRZjA1FYwYZ9Vv/9UkC5Yz8/yU65fgjaE+wVHM4e/Yy\nC2osrPWE7gJ+dXMCAwEAAaOCAVowggFWMBIGA1UdEwEB/wQIMAYBAf8CAQAwDgYD\nVR0PAQH/BAQDAgGGMB0GA1UdJQQWMBQGCCsGAQUFBwMBBggrBgEFBQcDAjAdBgNV\nHQ4EFgQUwDFSzVpQw4J8dHHOy+mc+XrrguIwHwYDVR0jBBgwFoAUhBjMhTTsvAyU\nlC4IWZzHshBOCggwewYIKwYBBQUHAQEEbzBtMC8GCCsGAQUFBzABhiNodHRwOi8v\nb2NzcC5yb290Y2ExLmFtYXpvbnRydXN0LmNvbTA6BggrBgEFBQcwAoYuaHR0cDov\nL2NydC5yb290Y2ExLmFtYXpvbnRydXN0LmNvbS9yb290Y2ExLmNlcjA/BgNVHR8E\nODA2MDSgMqAwhi5odHRwOi8vY3JsLnJvb3RjYTEuYW1hem9udHJ1c3QuY29tL3Jv\nb3RjYTEuY3JsMBMGA1UdIAQMMAowCAYGZ4EMAQIBMA0GCSqGSIb3DQEBCwUAA4IB\nAQAtTi6Fs0Azfi+iwm7jrz+CSxHH+uHl7Law3MQSXVtR8RV53PtR6r/6gNpqlzdo\nZq4FKbADi1v9Bun8RY8D51uedRfjsbeodizeBB8nXmeyD33Ep7VATj4ozcd31YFV\nfgRhvTSxNrrTlNpWkUk0m3BMPv8sg381HhA6uEYokE5q9uws/3YkKqRiEz3TsaWm\nJqIRZhMbgAfp7O7FUwFIb7UIspogZSKxPIWJpxiPo3TcBambbVtQOcNRWz5qCQdD\nslI2yayq0n2TXoHyNCLEH8rpsJRVILFsg0jc7BaFrMnF462+ajSehgj12IidNeRN\n4zl+EoNaWdpnWndvSpAEkq2P\n-----END CERTIFICATE-----\n",
                "is_ca": true,
                "issuer": "CN=Amazon Root CA 1,O=Amazon,C=US",
                "not_after": "2030-08-23T22:25:30Z",
                "not_before": "2022-08-23T22:25:30Z",
                "public_key_algorithm": "RSA",
                "serial_number": "166129353110899469622597955040406457904926625",
                "sha1_fingerprint": "414a2060b738c635cc7fc243e052615592830c53",
                "signature_algorithm": "SHA256-RSA",
                "subject": "CN=Amazon RSA 2048 M02,O=Amazon,C=US",
                "version": 3
              },
              {
                "cert_pem": "-----BEGIN CERTIFICATE-----\nMIIF5TCCBM2gAwIBAgIQCJL9XGbawpZ6IsGGvDqdyDANBgkqhkiG9w0BAQsFADA8\nMQswCQYDVQQGEwJVUzEPMA0GA1UEChMGQW1hem9uMRwwGgYDVQQDExNBbWF6b24g\nUlNBIDIwNDggTTAyMB4XDTI0MDMyODAwMDAwMFoXDTI1MDQyNjIzNTk1OVowKDEm\nMCQGA1UEAwwdKi5la3MudXMtZWFzdC0xLmFtYXpvbmF3cy5jb20wggEiMA0GCSqG\nSIb3DQEBAQUAA4IBDwAwggEKAoIBAQC4iVpgxjgOmMKdC2tYTHa9yzuuLdYCjpC6\nxN1VgI71uTiSxUGf6R3N/Rdk5vjz2COu3fsVgMh6cCpqrPlxU/5uP0/DFfQGdVxB\nbZ4vYRC9jIbgyKmwqOEJMD/9B3iGHz3KpBpnXDcuulqWsCtuuqxjnMLL4h1UdOeA\nPNwhOyQxKMHl+LfrCZeCuehKch+XM/8lhdKgYyLp8o1Nm7IsNG1aN6iNoZ6rxEyU\nVw6fV+pZDaIrxkYf7unQrAfUWR122pXGzWRtv5VGZLjrci8ev4ZpgGViIzb2LOqT\nFm8gde6aURlAm4uMDFzmZ/iOqEV+52vO9Z0E6Yo5M3dJZqQo7uUpAgMBAAGjggL1\nMIIC8TAfBgNVHSMEGDAWgBTAMVLNWlDDgnx0cc7L6Zz5euuC4jAdBgNVHQ4EFgQU\nhG1ZDKa76htLZVXP+E3P3GnYHjEwKAYDVR0RBCEwH4IdKi5la3MudXMtZWFzdC0x\nLmFtYXpvbmF3cy5jb20wEwYDVR0gBAwwCjAIBgZngQwBAgEwDgYDVR0PAQH/BAQD\nAgWgMB0GA1UdJQQWMBQGCCsGAQUFBwMBBggrBgEFBQcDAjA7BgNVHR8ENDAyMDCg\nLqAshipodHRwOi8vY3JsLnIybTAyLmFtYXpvbnRydXN0LmNvbS9yMm0wMi5jcmww\ndQYIKwYBBQUHAQEEaTBnMC0GCCsGAQUFBzABhiFodHRwOi8vb2NzcC5yMm0wMi5h\nbWF6b250cnVzdC5jb20wNgYIKwYBBQUHMAKGKmh0dHA6Ly9jcnQucjJtMDIuYW1h\nem9udHJ1c3QuY29tL3IybTAyLmNlcjAMBgNVHRMBAf8EAjAAMIIBfQYKKwYBBAHW\neQIEAgSCAW0EggFpAWcAdgDPEVbu1S58r/OHW9lpLpvpGnFnSrAX7KwB0lt3zsw7\nCAAAAY6HAoTcAAAEAwBHMEUCIHI392+k5Ds777nM4CwNr+xjjCr49CQ/vHIJDZJX\nokM7AiEA++VPDyyMLijPy0GR8ZBIvAcrYbjfJXTF3GkizeJLVJIAdgB9WR4S4Xgq\nexxhZ3xe/fjQh1wUoE6VnrkDL9kOjC55uAAAAY6HAoTeAAAEAwBHMEUCICBkhMaf\n9gdR3bCbLxXFbHNEXUh7t3P/SxaUKDcE6UmIAiEA25zZ9aBt/mrhDcMc155V8qnw\nadTEqttLdP4XMEmMsPAAdQDm0jFjQHeMwRBBBtdxuc7B0kD2loSG+7qHMh39HjeO\nUAAAAY6HAoTxAAAEAwBGMEQCIFFF4kpqcNgHFzRi2cnL4HbNApZlnlc+Re9IyYXi\nCldqAiBkZUgs12iu2uWGU97VUAICt2+zZkhjUV3i+O3kYh1yrTANBgkqhkiG9w0B\nAQsFAAOCAQEAWY5OxR7rWtYFS09xAYYIHlBF7wdUxQH60zi/IqAHZIRCFI1xHdsJ\n0BUv30lLyiGtVr4DheBo81/IErBRpXmSkdoDJA+5d/Jz3EFtbrVogjESALAgBfSG\nuJX0QLshjyTl9O2r00qkxIhbKmSPSl9JQVxqt2jTaB6pD3SjWX6U+l397Ns1L6pI\nb1418oVo7LeHwEeEx6APMIyjzlfcXdCHA6lVKeiNF8SH+QW+h6ZOpGXJIU6llBjg\nWAhscqrGRj1APpuKWGVkVCweAjIOcEuWV8Fqmfp1h9jmeUkG6SoBifrl41PvhK0o\nqQ3LlAF6Op6n7JLa2rlXkf6LienZDVlSuQ==\n-----END CERTIFICATE-----\n",
                "is_ca": false,
                "issuer": "CN=Amazon RSA 2048 M02,O=Amazon,C=US",
                "not_after": "2025-04-26T23:59:59Z",
                "not_before": "2024-03-28T00:00:00Z",
                "public_key_algorithm": "RSA",
                "serial_number": "11397038078078022747295509550808604104",
                "sha1_fingerprint": "9451ad2b53c7f41fab22886cc07d482085336561",
                "signature_algorithm": "SHA256-RSA",
                "subject": "CN=*.eks.us-east-1.amazonaws.com",
                "version": 3
              }
            ],
            "content": null,
            "id": "99d41e43229a4cdaf4141f3e8310e6d95c31dab9",
            "url": "https://oidc.eks.us-east-1.amazonaws.com/id/F5A3AD655CD66B4A3A847ADD012463AF",
            "verify_chain": true
          },
          "sensitive_attributes": []
        }
      ]
    },
    {
      "module": "module.gerador-dev",
      "mode": "managed",
      "type": "aws_cloudwatch_log_group",
      "name": "this",
      "provider": "provider[\"registry.terraform.io/hashicorp/aws\"]",
      "instances": [
        {
          "index_key": 0,
          "schema_version": 0,
          "attributes": {
            "arn": "arn:aws:logs:us-east-1:637423345847:log-group:/aws/eks/gerador-dev/cluster",
            "id": "/aws/eks/gerador-dev/cluster",
            "kms_key_id": "",
            "log_group_class": "STANDARD",
            "name": "/aws/eks/gerador-dev/cluster",
            "name_prefix": "",
            "retention_in_days": 90,
            "skip_destroy": false,
            "tags": {
              "Name": "/aws/eks/gerador-dev/cluster"
            },
            "tags_all": {
              "Name": "/aws/eks/gerador-dev/cluster"
            }
          },
          "sensitive_attributes": [],
          "private": "bnVsbA==",
          "create_before_destroy": true
        }
      ]
    },
    {
      "module": "module.gerador-dev",
      "mode": "managed",
      "type": "aws_eks_cluster",
      "name": "this",
      "provider": "provider[\"registry.terraform.io/hashicorp/aws\"]",
      "instances": [
        {
          "index_key": 0,
          "schema_version": 0,
          "attributes": {
            "access_config": [
              {
                "authentication_mode": "CONFIG_MAP",
                "bootstrap_cluster_creator_admin_permissions": false
              }
            ],
            "arn": "arn:aws:eks:us-east-1:637423345847:cluster/gerador-dev",
            "certificate_authority": [
              {
                "data": "LS0tLS1CRUdJTiBDRVJUSUZJQ0FURS0tLS0tCk1JSURCVENDQWUyZ0F3SUJBZ0lJWmdCS3lkRVJxS3N3RFFZSktvWklodmNOQVFFTEJRQXdGVEVUTUJFR0ExVUUKQXhNS2EzVmlaWEp1WlhSbGN6QWVGdzB5TkRBMk16QXdOakUyTlRWYUZ3MHpOREEyTWpnd05qSXhOVFZhTUJVeApFekFSQmdOVkJBTVRDbXQxWW1WeWJtVjBaWE13Z2dFaU1BMEdDU3FHU0liM0RRRUJBUVVBQTRJQkR3QXdnZ0VLCkFvSUJBUURhR3Z1UklHVjV4Y0NYZkltUExxYW1JbEFpbW1jbWlMZUs2NzVKc2VTM3NJb1ppcU0wT29IRXVHUW0KVWhyYzlmMHE2cXFZZVFCMW1KVDhwdk8yUS9uVXBYMGdBSDhWSE5jWFFlbEdvUWYyYjgxcmdhRmFNMzZHN2lZSQplN2wyT3grclVKY0o5OGREOE9kcWRLSUxxTUxCOUxVYlRLaGg3MTlyVDFmajVjZ2ZMajhVY0o1RkRNUE9WRHk5CjNEVkdwV1c1TlhieG1GM0pBYVZMRGw2aVNLRzFuU3JSYWxkdlFDR29JRFhoRmVOZUZ1UVlnNlkwZ05FRmt2akgKT0Fnc1BySVRpR2JEeUFTQUZZblc3MmhTOWR0d2h1SEc2YWxoNDBNTHdDL051ZEh5bkdUZ0hVWmFkWTcyUEQxaQpTaU5OSTN0dFBYc25GM1BFa0ROaHltQnpneCtUQWdNQkFBR2pXVEJYTUE0R0ExVWREd0VCL3dRRUF3SUNwREFQCkJnTlZIUk1CQWY4RUJUQURBUUgvTUIwR0ExVWREZ1FXQkJTMXRmUmxDNDdVMCt5RlM0SmNqQU5sNGlVMTJUQVYKQmdOVkhSRUVEakFNZ2dwcmRXSmxjbTVsZEdWek1BMEdDU3FHU0liM0RRRUJDd1VBQTRJQkFRRFhZaXdQRzAvTQpSUUttTlNrYm83MHBkZXRsaUlZTHNMWnFPTGIxZnhjeFJNQzUxc2JPTUNhVjlqZGRKaGdaVzNLeTl2aGI5endUCnpONGR4Q0IzbU1WSnBOWTd6aVJKTTVqOHRqdmVSbEwzTkZ2dVczaTBNdE44eGp1dGc2U3ZHVng5THR4TS85THIKWlk0TkJKRXBFYUJIcVBjZlhzZnFHNzl1UnF1SDlRK1FSUHdBUUpxMGx5NDBQWHQ2eXdodllBUk4vQWdyd2FWTApoSjd3OEpmeEh4ZnVYMlpSMEhDaTVEUnNtWlVUN1ErbnZEUjhBZkZWQ2k0MHQzUS96eFhodjJLRlFsK3M1SkJNCjNWM1BPOHNNWXY3c2xZeWZwYVJaeTRTQkx6SnVLdTNtOG80YlZOdTIvUDFDUytTbSszTndkYTc5ZnBrNmVnclkKRWdYangxbnhPUUhLCi0tLS0tRU5EIENFUlRJRklDQVRFLS0tLS0K"
              }
            ],
            "cluster_id": null,
            "created_at": "2024-06-30 06:15:52.182 +0000 UTC",
            "enabled_cluster_log_types": [
              "api",
              "audit",
              "authenticator"
            ],
            "encryption_config": [
              {
                "provider": [
                  {
                    "key_arn": "arn:aws:kms:us-east-1:637423345847:key/af87e467-c64c-4cb4-b1ff-e8f205c42ee7"
                  }
                ],
                "resources": [
                  "secrets"
                ]
              }
            ],
            "endpoint": "https://F5A3AD655CD66B4A3A847ADD012463AF.gr7.us-east-1.eks.amazonaws.com",
            "id": "gerador-dev",
            "identity": [
              {
                "oidc": [
                  {
                    "issuer": "https://oidc.eks.us-east-1.amazonaws.com/id/F5A3AD655CD66B4A3A847ADD012463AF"
                  }
                ]
              }
            ],
            "kubernetes_network_config": [
              {
                "ip_family": "ipv4",
                "service_ipv4_cidr": "172.20.0.0/16",
                "service_ipv6_cidr": ""
              }
            ],
            "name": "gerador-dev",
            "outpost_config": [],
            "platform_version": "eks.19",
            "role_arn": "arn:aws:iam::637423345847:role/gerador-dev-cluster-20240630061526484100000002",
            "status": "ACTIVE",
            "tags": {},
            "tags_all": {},
            "timeouts": {
              "create": null,
              "delete": null,
              "update": null
            },
            "version": "1.27",
            "vpc_config": [
              {
                "cluster_security_group_id": "sg-0c473ad95e82a5f50",
                "endpoint_private_access": true,
                "endpoint_public_access": true,
                "public_access_cidrs": [
                  "0.0.0.0/0"
                ],
                "security_group_ids": [
                  "sg-07c1e9c6c931763e5"
                ],
                "subnet_ids": [
                  "subnet-05c8d9fca49b92c4b",
                  "subnet-0963442665125dcf9",
                  "subnet-0c1152ccafffc9fec"
                ],
                "vpc_id": "vpc-01c7e2f2a608b61a2"
              }
            ]
          },
          "sensitive_attributes": [],
          "private": "eyJlMmJmYjczMC1lY2FhLTExZTYtOGY4OC0zNDM2M2JjN2M0YzAiOnsiY3JlYXRlIjoxODAwMDAwMDAwMDAwLCJkZWxldGUiOjkwMDAwMDAwMDAwMCwidXBkYXRlIjozNjAwMDAwMDAwMDAwfX0=",
          "dependencies": [
            "module.gerador-dev.aws_cloudwatch_log_group.this",
            "module.gerador-dev.aws_iam_policy.cni_ipv6_policy",
            "module.gerador-dev.aws_iam_role.this",
            "module.gerador-dev.aws_iam_role_policy_attachment.this",
            "module.gerador-dev.aws_security_group.cluster",
            "module.gerador-dev.aws_security_group.node",
            "module.gerador-dev.aws_security_group_rule.cluster",
            "module.gerador-dev.aws_security_group_rule.node",
            "module.gerador-dev.data.aws_caller_identity.current",
            "module.gerador-dev.data.aws_iam_policy_document.assume_role_policy",
            "module.gerador-dev.data.aws_iam_policy_document.cni_ipv6_policy",
            "module.gerador-dev.data.aws_iam_session_context.current",
            "module.gerador-dev.data.aws_partition.current",
            "module.gerador-dev.module.kms.aws_kms_external_key.this",
            "module.gerador-dev.module.kms.aws_kms_key.this",
            "module.gerador-dev.module.kms.data.aws_caller_identity.current",
            "module.gerador-dev.module.kms.data.aws_iam_policy_document.this",
            "module.gerador-dev.module.kms.data.aws_partition.current",
            "module.vpc.aws_subnet.private",
            "module.vpc.aws_vpc.this",
            "module.vpc.aws_vpc_ipv4_cidr_block_association.this"
          ],
          "create_before_destroy": true
        }
      ]
    },
    {
      "module": "module.gerador-dev",
      "mode": "managed",
      "type": "aws_iam_openid_connect_provider",
      "name": "oidc_provider",
      "provider": "provider[\"registry.terraform.io/hashicorp/aws\"]",
      "instances": [
        {
          "index_key": 0,
          "schema_version": 0,
          "attributes": {
            "arn": "arn:aws:iam::637423345847:oidc-provider/oidc.eks.us-east-1.amazonaws.com/id/F5A3AD655CD66B4A3A847ADD012463AF",
            "client_id_list": [
              "sts.amazonaws.com"
            ],
            "id": "arn:aws:iam::637423345847:oidc-provider/oidc.eks.us-east-1.amazonaws.com/id/F5A3AD655CD66B4A3A847ADD012463AF",
            "tags": {
              "Name": "gerador-dev-eks-irsa"
            },
            "tags_all": {
              "Name": "gerador-dev-eks-irsa"
            },
            "thumbprint_list": [
              "9e99a48a9960b14926bb7f3b02e22da2b0ab7280",
              "06b25927c42a721631c1efd9431e648fa62e1e39",
              "414a2060b738c635cc7fc243e052615592830c53",
              "9451ad2b53c7f41fab22886cc07d482085336561"
            ],
            "url": "oidc.eks.us-east-1.amazonaws.com/id/F5A3AD655CD66B4A3A847ADD012463AF"
          },
          "sensitive_attributes": [],
          "private": "bnVsbA==",
          "dependencies": [
            "module.gerador-dev.aws_cloudwatch_log_group.this",
            "module.gerador-dev.aws_eks_cluster.this",
            "module.gerador-dev.aws_iam_policy.cni_ipv6_policy",
            "module.gerador-dev.aws_iam_role.this",
            "module.gerador-dev.aws_iam_role_policy_attachment.this",
            "module.gerador-dev.aws_security_group.cluster",
            "module.gerador-dev.aws_security_group.node",
            "module.gerador-dev.aws_security_group_rule.cluster",
            "module.gerador-dev.aws_security_group_rule.node",
            "module.gerador-dev.data.aws_caller_identity.current",
            "module.gerador-dev.data.aws_iam_policy_document.assume_role_policy",
            "module.gerador-dev.data.aws_iam_policy_document.cni_ipv6_policy",
            "module.gerador-dev.data.aws_iam_session_context.current",
            "module.gerador-dev.data.aws_partition.current",
            "module.gerador-dev.data.tls_certificate.this",
            "module.gerador-dev.module.kms.aws_kms_external_key.this",
            "module.gerador-dev.module.kms.aws_kms_key.this",
            "module.gerador-dev.module.kms.data.aws_caller_identity.current",
            "module.gerador-dev.module.kms.data.aws_iam_policy_document.this",
            "module.gerador-dev.module.kms.data.aws_partition.current",
            "module.vpc.aws_subnet.private",
            "module.vpc.aws_vpc.this",
            "module.vpc.aws_vpc_ipv4_cidr_block_association.this"
          ]
        }
      ]
    },
    {
      "module": "module.gerador-dev",
      "mode": "managed",
      "type": "aws_iam_policy",
      "name": "cluster_encryption",
      "provider": "provider[\"registry.terraform.io/hashicorp/aws\"]",
      "instances": [
        {
          "index_key": 0,
          "schema_version": 0,
          "attributes": {
            "arn": "arn:aws:iam::637423345847:policy/gerador-dev-cluster-ClusterEncryption2024063006154657940000000d",
            "attachment_count": 1,
            "description": "Cluster encryption policy to allow cluster role to utilize CMK provided",
            "id": "arn:aws:iam::637423345847:policy/gerador-dev-cluster-ClusterEncryption2024063006154657940000000d",
            "name": "gerador-dev-cluster-ClusterEncryption2024063006154657940000000d",
            "name_prefix": "gerador-dev-cluster-ClusterEncryption",
            "path": "/",
            "policy": "{\"Statement\":[{\"Action\":[\"kms:Encrypt\",\"kms:Decrypt\",\"kms:ListGrants\",\"kms:DescribeKey\"],\"Effect\":\"Allow\",\"Resource\":\"arn:aws:kms:us-east-1:637423345847:key/af87e467-c64c-4cb4-b1ff-e8f205c42ee7\"}],\"Version\":\"2012-10-17\"}",
            "policy_id": "ANPAZI2LEMC3WSD3VVUJG",
            "tags": {},
            "tags_all": {}
          },
          "sensitive_attributes": [],
          "private": "bnVsbA==",
          "dependencies": [
            "module.gerador-dev.aws_iam_role.this",
            "module.gerador-dev.data.aws_caller_identity.current",
            "module.gerador-dev.data.aws_iam_policy_document.assume_role_policy",
            "module.gerador-dev.data.aws_iam_session_context.current",
            "module.gerador-dev.data.aws_partition.current",
            "module.gerador-dev.module.kms.aws_kms_external_key.this",
            "module.gerador-dev.module.kms.aws_kms_key.this",
            "module.gerador-dev.module.kms.data.aws_caller_identity.current",
            "module.gerador-dev.module.kms.data.aws_iam_policy_document.this",
            "module.gerador-dev.module.kms.data.aws_partition.current"
          ]
        }
      ]
    },
    {
      "module": "module.gerador-dev",
      "mode": "managed",
      "type": "aws_iam_role",
      "name": "this",
      "provider": "provider[\"registry.terraform.io/hashicorp/aws\"]",
      "instances": [
        {
          "index_key": 0,
          "schema_version": 0,
          "attributes": {
            "arn": "arn:aws:iam::637423345847:role/gerador-dev-cluster-20240630061526484100000002",
            "assume_role_policy": "{\"Statement\":[{\"Action\":\"sts:AssumeRole\",\"Effect\":\"Allow\",\"Principal\":{\"Service\":\"eks.amazonaws.com\"},\"Sid\":\"EKSClusterAssumeRole\"}],\"Version\":\"2012-10-17\"}",
            "create_date": "2024-06-30T06:15:27Z",
            "description": "",
            "force_detach_policies": true,
            "id": "gerador-dev-cluster-20240630061526484100000002",
            "inline_policy": [
              {
                "name": "gerador-dev-cluster",
                "policy": "{\"Version\":\"2012-10-17\",\"Statement\":[{\"Action\":[\"logs:CreateLogGroup\"],\"Effect\":\"Deny\",\"Resource\":\"*\"}]}"
              }
            ],
            "managed_policy_arns": [
              "arn:aws:iam::637423345847:policy/gerador-dev-cluster-ClusterEncryption2024063006154657940000000d",
              "arn:aws:iam::aws:policy/AmazonEKSClusterPolicy",
              "arn:aws:iam::aws:policy/AmazonEKSVPCResourceController"
            ],
            "max_session_duration": 3600,
            "name": "gerador-dev-cluster-20240630061526484100000002",
            "name_prefix": "gerador-dev-cluster-",
            "path": "/",
            "permissions_boundary": "",
            "tags": {},
            "tags_all": {},
            "unique_id": "AROAZI2LEMC3VBHW7FLM3"
          },
          "sensitive_attributes": [],
          "private": "bnVsbA==",
          "dependencies": [
            "module.gerador-dev.data.aws_iam_policy_document.assume_role_policy",
            "module.gerador-dev.data.aws_partition.current"
          ],
          "create_before_destroy": true
        }
      ]
    },
    {
      "module": "module.gerador-dev",
      "mode": "managed",
      "type": "aws_iam_role_policy_attachment",
      "name": "cluster_encryption",
      "provider": "provider[\"registry.terraform.io/hashicorp/aws\"]",
      "instances": [
        {
          "index_key": 0,
          "schema_version": 0,
          "attributes": {
            "id": "gerador-dev-cluster-20240630061526484100000002-2024063006154730260000000e",
            "policy_arn": "arn:aws:iam::637423345847:policy/gerador-dev-cluster-ClusterEncryption2024063006154657940000000d",
            "role": "gerador-dev-cluster-20240630061526484100000002"
          },
          "sensitive_attributes": [],
          "private": "bnVsbA==",
          "dependencies": [
            "module.gerador-dev.aws_iam_policy.cluster_encryption",
            "module.gerador-dev.aws_iam_role.this",
            "module.gerador-dev.data.aws_caller_identity.current",
            "module.gerador-dev.data.aws_iam_policy_document.assume_role_policy",
            "module.gerador-dev.data.aws_iam_session_context.current",
            "module.gerador-dev.data.aws_partition.current",
            "module.gerador-dev.module.kms.aws_kms_external_key.this",
            "module.gerador-dev.module.kms.aws_kms_key.this",
            "module.gerador-dev.module.kms.data.aws_caller_identity.current",
            "module.gerador-dev.module.kms.data.aws_iam_policy_document.this",
            "module.gerador-dev.module.kms.data.aws_partition.current"
          ]
        }
      ]
    },
    {
      "module": "module.gerador-dev",
      "mode": "managed",
      "type": "aws_iam_role_policy_attachment",
      "name": "this",
      "provider": "provider[\"registry.terraform.io/hashicorp/aws\"]",
      "instances": [
        {
          "index_key": "AmazonEKSClusterPolicy",
          "schema_version": 0,
          "attributes": {
            "id": "gerador-dev-cluster-20240630061526484100000002-20240630061528265600000006",
            "policy_arn": "arn:aws:iam::aws:policy/AmazonEKSClusterPolicy",
            "role": "gerador-dev-cluster-20240630061526484100000002"
          },
          "sensitive_attributes": [],
          "private": "bnVsbA==",
          "dependencies": [
            "module.gerador-dev.aws_iam_role.this",
            "module.gerador-dev.data.aws_iam_policy_document.assume_role_policy",
            "module.gerador-dev.data.aws_partition.current"
          ],
          "create_before_destroy": true
        },
        {
          "index_key": "AmazonEKSVPCResourceController",
          "schema_version": 0,
          "attributes": {
            "id": "gerador-dev-cluster-20240630061526484100000002-20240630061528296800000007",
            "policy_arn": "arn:aws:iam::aws:policy/AmazonEKSVPCResourceController",
            "role": "gerador-dev-cluster-20240630061526484100000002"
          },
          "sensitive_attributes": [],
          "private": "bnVsbA==",
          "dependencies": [
            "module.gerador-dev.aws_iam_role.this",
            "module.gerador-dev.data.aws_iam_policy_document.assume_role_policy",
            "module.gerador-dev.data.aws_partition.current"
          ],
          "create_before_destroy": true
        }
      ]
    },
    {
      "module": "module.gerador-dev",
      "mode": "managed",
      "type": "aws_security_group",
      "name": "cluster",
      "provider": "provider[\"registry.terraform.io/hashicorp/aws\"]",
      "instances": [
        {
          "index_key": 0,
          "schema_version": 1,
          "attributes": {
            "arn": "arn:aws:ec2:us-east-1:637423345847:security-group/sg-07c1e9c6c931763e5",
            "description": "EKS cluster security group",
            "egress": [],
            "id": "sg-07c1e9c6c931763e5",
            "ingress": [
              {
                "cidr_blocks": [],
                "description": "Node groups to cluster API",
                "from_port": 443,
                "ipv6_cidr_blocks": [],
                "prefix_list_ids": [],
                "protocol": "tcp",
                "security_groups": [
                  "sg-016f5b7c5cf5e792c"
                ],
                "self": false,
                "to_port": 443
              }
            ],
            "name": "gerador-dev-cluster-20240630061539496400000009",
            "name_prefix": "gerador-dev-cluster-",
            "owner_id": "637423345847",
            "revoke_rules_on_delete": false,
            "tags": {
              "Name": "gerador-dev-cluster"
            },
            "tags_all": {
              "Name": "gerador-dev-cluster"
            },
            "timeouts": null,
            "vpc_id": "vpc-01c7e2f2a608b61a2"
          },
          "sensitive_attributes": [],
          "private": "eyJlMmJmYjczMC1lY2FhLTExZTYtOGY4OC0zNDM2M2JjN2M0YzAiOnsiY3JlYXRlIjo2MDAwMDAwMDAwMDAsImRlbGV0ZSI6OTAwMDAwMDAwMDAwfSwic2NoZW1hX3ZlcnNpb24iOiIxIn0=",
          "dependencies": [
            "module.vpc.aws_vpc.this"
          ],
          "create_before_destroy": true
        }
      ]
    },
    {
      "module": "module.gerador-dev",
      "mode": "managed",
      "type": "aws_security_group",
      "name": "node",
      "provider": "provider[\"registry.terraform.io/hashicorp/aws\"]",
      "instances": [
        {
          "index_key": 0,
          "schema_version": 1,
          "attributes": {
            "arn": "arn:aws:ec2:us-east-1:637423345847:security-group/sg-016f5b7c5cf5e792c",
            "description": "EKS node shared security group",
            "egress": [
              {
                "cidr_blocks": [
                  "0.0.0.0/0"
                ],
                "description": "Allow all egress",
                "from_port": 0,
                "ipv6_cidr_blocks": [],
                "prefix_list_ids": [],
                "protocol": "-1",
                "security_groups": [],
                "self": false,
                "to_port": 0
              }
            ],
            "id": "sg-016f5b7c5cf5e792c",
            "ingress": [
              {
                "cidr_blocks": [],
                "description": "Cluster API to node 4443/tcp webhook",
                "from_port": 4443,
                "ipv6_cidr_blocks": [],
                "prefix_list_ids": [],
                "protocol": "tcp",
                "security_groups": [
                  "sg-07c1e9c6c931763e5"
                ],
                "self": false,
                "to_port": 4443
              },
              {
                "cidr_blocks": [],
                "description": "Cluster API to node 6443/tcp webhook",
                "from_port": 6443,
                "ipv6_cidr_blocks": [],
                "prefix_list_ids": [],
                "protocol": "tcp",
                "security_groups": [
                  "sg-07c1e9c6c931763e5"
                ],
                "self": false,
                "to_port": 6443
              },
              {
                "cidr_blocks": [],
                "description": "Cluster API to node 8443/tcp webhook",
                "from_port": 8443,
                "ipv6_cidr_blocks": [],
                "prefix_list_ids": [],
                "protocol": "tcp",
                "security_groups": [
                  "sg-07c1e9c6c931763e5"
                ],
                "self": false,
                "to_port": 8443
              },
              {
                "cidr_blocks": [],
                "description": "Cluster API to node 9443/tcp webhook",
                "from_port": 9443,
                "ipv6_cidr_blocks": [],
                "prefix_list_ids": [],
                "protocol": "tcp",
                "security_groups": [
                  "sg-07c1e9c6c931763e5"
                ],
                "self": false,
                "to_port": 9443
              },
              {
                "cidr_blocks": [],
                "description": "Cluster API to node groups",
                "from_port": 443,
                "ipv6_cidr_blocks": [],
                "prefix_list_ids": [],
                "protocol": "tcp",
                "security_groups": [
                  "sg-07c1e9c6c931763e5"
                ],
                "self": false,
                "to_port": 443
              },
              {
                "cidr_blocks": [],
                "description": "Cluster API to node kubelets",
                "from_port": 10250,
                "ipv6_cidr_blocks": [],
                "prefix_list_ids": [],
                "protocol": "tcp",
                "security_groups": [
                  "sg-07c1e9c6c931763e5"
                ],
                "self": false,
                "to_port": 10250
              },
              {
                "cidr_blocks": [],
                "description": "Node to node CoreDNS UDP",
                "from_port": 53,
                "ipv6_cidr_blocks": [],
                "prefix_list_ids": [],
                "protocol": "udp",
                "security_groups": [],
                "self": true,
                "to_port": 53
              },
              {
                "cidr_blocks": [],
                "description": "Node to node CoreDNS",
                "from_port": 53,
                "ipv6_cidr_blocks": [],
                "prefix_list_ids": [],
                "protocol": "tcp",
                "security_groups": [],
                "self": true,
                "to_port": 53
              },
              {
                "cidr_blocks": [],
                "description": "Node to node ingress on ephemeral ports",
                "from_port": 1025,
                "ipv6_cidr_blocks": [],
                "prefix_list_ids": [],
                "protocol": "tcp",
                "security_groups": [],
                "self": true,
                "to_port": 65535
              }
            ],
            "name": "gerador-dev-node-2024063006153950490000000a",
            "name_prefix": "gerador-dev-node-",
            "owner_id": "637423345847",
            "revoke_rules_on_delete": false,
            "tags": {
              "Name": "gerador-dev-node",
              "kubernetes.io/cluster/gerador-dev": "owned"
            },
            "tags_all": {
              "Name": "gerador-dev-node",
              "kubernetes.io/cluster/gerador-dev": "owned"
            },
            "timeouts": null,
            "vpc_id": "vpc-01c7e2f2a608b61a2"
          },
          "sensitive_attributes": [],
          "private": "eyJlMmJmYjczMC1lY2FhLTExZTYtOGY4OC0zNDM2M2JjN2M0YzAiOnsiY3JlYXRlIjo2MDAwMDAwMDAwMDAsImRlbGV0ZSI6OTAwMDAwMDAwMDAwfSwic2NoZW1hX3ZlcnNpb24iOiIxIn0=",
          "dependencies": [
            "module.vpc.aws_vpc.this"
          ],
          "create_before_destroy": true
        }
      ]
    },
    {
      "module": "module.gerador-dev",
      "mode": "managed",
      "type": "aws_security_group_rule",
      "name": "cluster",
      "provider": "provider[\"registry.terraform.io/hashicorp/aws\"]",
      "instances": [
        {
          "index_key": "ingress_nodes_443",
          "schema_version": 2,
          "attributes": {
            "cidr_blocks": null,
            "description": "Node groups to cluster API",
            "from_port": 443,
            "id": "sgrule-1074685138",
            "ipv6_cidr_blocks": null,
            "prefix_list_ids": null,
            "protocol": "tcp",
            "security_group_id": "sg-07c1e9c6c931763e5",
            "security_group_rule_id": "sgr-07aaf01a82234be5d",
            "self": false,
            "source_security_group_id": "sg-016f5b7c5cf5e792c",
            "timeouts": null,
            "to_port": 443,
            "type": "ingress"
          },
          "sensitive_attributes": [],
          "private": "eyJlMmJmYjczMC1lY2FhLTExZTYtOGY4OC0zNDM2M2JjN2M0YzAiOnsiY3JlYXRlIjozMDAwMDAwMDAwMDB9LCJzY2hlbWFfdmVyc2lvbiI6IjIifQ==",
          "dependencies": [
            "module.gerador-dev.aws_security_group.cluster",
            "module.gerador-dev.aws_security_group.node",
            "module.vpc.aws_vpc.this"
          ],
          "create_before_destroy": true
        }
      ]
    },
    {
      "module": "module.gerador-dev",
      "mode": "managed",
      "type": "aws_security_group_rule",
      "name": "node",
      "provider": "provider[\"registry.terraform.io/hashicorp/aws\"]",
      "instances": [
        {
          "index_key": "egress_all",
          "schema_version": 2,
          "attributes": {
            "cidr_blocks": [
              "0.0.0.0/0"
            ],
            "description": "Allow all egress",
            "from_port": 0,
            "id": "sgrule-3060733748",
            "ipv6_cidr_blocks": null,
            "prefix_list_ids": [],
            "protocol": "-1",
            "security_group_id": "sg-016f5b7c5cf5e792c",
            "security_group_rule_id": "sgr-07269f470f0cedc49",
            "self": false,
            "source_security_group_id": null,
            "timeouts": null,
            "to_port": 0,
            "type": "egress"
          },
          "sensitive_attributes": [],
          "private": "eyJlMmJmYjczMC1lY2FhLTExZTYtOGY4OC0zNDM2M2JjN2M0YzAiOnsiY3JlYXRlIjozMDAwMDAwMDAwMDB9LCJzY2hlbWFfdmVyc2lvbiI6IjIifQ==",
          "dependencies": [
            "module.gerador-dev.aws_security_group.cluster",
            "module.gerador-dev.aws_security_group.node",
            "module.vpc.aws_vpc.this"
          ],
          "create_before_destroy": true
        },
        {
          "index_key": "ingress_cluster_443",
          "schema_version": 2,
          "attributes": {
            "cidr_blocks": null,
            "description": "Cluster API to node groups",
            "from_port": 443,
            "id": "sgrule-10714059",
            "ipv6_cidr_blocks": null,
            "prefix_list_ids": [],
            "protocol": "tcp",
            "security_group_id": "sg-016f5b7c5cf5e792c",
            "security_group_rule_id": "sgr-07c6cebee0229ca6f",
            "self": false,
            "source_security_group_id": "sg-07c1e9c6c931763e5",
            "timeouts": null,
            "to_port": 443,
            "type": "ingress"
          },
          "sensitive_attributes": [],
          "private": "eyJlMmJmYjczMC1lY2FhLTExZTYtOGY4OC0zNDM2M2JjN2M0YzAiOnsiY3JlYXRlIjozMDAwMDAwMDAwMDB9LCJzY2hlbWFfdmVyc2lvbiI6IjIifQ==",
          "dependencies": [
            "module.gerador-dev.aws_security_group.cluster",
            "module.gerador-dev.aws_security_group.node",
            "module.vpc.aws_vpc.this"
          ],
          "create_before_destroy": true
        },
        {
          "index_key": "ingress_cluster_4443_webhook",
          "schema_version": 2,
          "attributes": {
            "cidr_blocks": null,
            "description": "Cluster API to node 4443/tcp webhook",
            "from_port": 4443,
            "id": "sgrule-1839773122",
            "ipv6_cidr_blocks": null,
            "prefix_list_ids": [],
            "protocol": "tcp",
            "security_group_id": "sg-016f5b7c5cf5e792c",
            "security_group_rule_id": "sgr-0a114a056588dd968",
            "self": false,
            "source_security_group_id": "sg-07c1e9c6c931763e5",
            "timeouts": null,
            "to_port": 4443,
            "type": "ingress"
          },
          "sensitive_attributes": [],
          "private": "eyJlMmJmYjczMC1lY2FhLTExZTYtOGY4OC0zNDM2M2JjN2M0YzAiOnsiY3JlYXRlIjozMDAwMDAwMDAwMDB9LCJzY2hlbWFfdmVyc2lvbiI6IjIifQ==",
          "dependencies": [
            "module.gerador-dev.aws_security_group.cluster",
            "module.gerador-dev.aws_security_group.node",
            "module.vpc.aws_vpc.this"
          ],
          "create_before_destroy": true
        },
        {
          "index_key": "ingress_cluster_6443_webhook",
          "schema_version": 2,
          "attributes": {
            "cidr_blocks": null,
            "description": "Cluster API to node 6443/tcp webhook",
            "from_port": 6443,
            "id": "sgrule-2766852692",
            "ipv6_cidr_blocks": null,
            "prefix_list_ids": [],
            "protocol": "tcp",
            "security_group_id": "sg-016f5b7c5cf5e792c",
            "security_group_rule_id": "sgr-0de19826996069085",
            "self": false,
            "source_security_group_id": "sg-07c1e9c6c931763e5",
            "timeouts": null,
            "to_port": 6443,
            "type": "ingress"
          },
          "sensitive_attributes": [],
          "private": "eyJlMmJmYjczMC1lY2FhLTExZTYtOGY4OC0zNDM2M2JjN2M0YzAiOnsiY3JlYXRlIjozMDAwMDAwMDAwMDB9LCJzY2hlbWFfdmVyc2lvbiI6IjIifQ==",
          "dependencies": [
            "module.gerador-dev.aws_security_group.cluster",
            "module.gerador-dev.aws_security_group.node",
            "module.vpc.aws_vpc.this"
          ],
          "create_before_destroy": true
        },
        {
          "index_key": "ingress_cluster_8443_webhook",
          "schema_version": 2,
          "attributes": {
            "cidr_blocks": null,
            "description": "Cluster API to node 8443/tcp webhook",
            "from_port": 8443,
            "id": "sgrule-3082219125",
            "ipv6_cidr_blocks": null,
            "prefix_list_ids": [],
            "protocol": "tcp",
            "security_group_id": "sg-016f5b7c5cf5e792c",
            "security_group_rule_id": "sgr-00de2481ca8bfa380",
            "self": false,
            "source_security_group_id": "sg-07c1e9c6c931763e5",
            "timeouts": null,
            "to_port": 8443,
            "type": "ingress"
          },
          "sensitive_attributes": [],
          "private": "eyJlMmJmYjczMC1lY2FhLTExZTYtOGY4OC0zNDM2M2JjN2M0YzAiOnsiY3JlYXRlIjozMDAwMDAwMDAwMDB9LCJzY2hlbWFfdmVyc2lvbiI6IjIifQ==",
          "dependencies": [
            "module.gerador-dev.aws_security_group.cluster",
            "module.gerador-dev.aws_security_group.node",
            "module.vpc.aws_vpc.this"
          ],
          "create_before_destroy": true
        },
        {
          "index_key": "ingress_cluster_9443_webhook",
          "schema_version": 2,
          "attributes": {
            "cidr_blocks": null,
            "description": "Cluster API to node 9443/tcp webhook",
            "from_port": 9443,
            "id": "sgrule-3541556670",
            "ipv6_cidr_blocks": null,
            "prefix_list_ids": [],
            "protocol": "tcp",
            "security_group_id": "sg-016f5b7c5cf5e792c",
            "security_group_rule_id": "sgr-0aa7b6af90475813e",
            "self": false,
            "source_security_group_id": "sg-07c1e9c6c931763e5",
            "timeouts": null,
            "to_port": 9443,
            "type": "ingress"
          },
          "sensitive_attributes": [],
          "private": "eyJlMmJmYjczMC1lY2FhLTExZTYtOGY4OC0zNDM2M2JjN2M0YzAiOnsiY3JlYXRlIjozMDAwMDAwMDAwMDB9LCJzY2hlbWFfdmVyc2lvbiI6IjIifQ==",
          "dependencies": [
            "module.gerador-dev.aws_security_group.cluster",
            "module.gerador-dev.aws_security_group.node",
            "module.vpc.aws_vpc.this"
          ],
          "create_before_destroy": true
        },
        {
          "index_key": "ingress_cluster_kubelet",
          "schema_version": 2,
          "attributes": {
            "cidr_blocks": null,
            "description": "Cluster API to node kubelets",
            "from_port": 10250,
            "id": "sgrule-2077252537",
            "ipv6_cidr_blocks": null,
            "prefix_list_ids": [],
            "protocol": "tcp",
            "security_group_id": "sg-016f5b7c5cf5e792c",
            "security_group_rule_id": "sgr-018b28a3f1c974500",
            "self": false,
            "source_security_group_id": "sg-07c1e9c6c931763e5",
            "timeouts": null,
            "to_port": 10250,
            "type": "ingress"
          },
          "sensitive_attributes": [],
          "private": "eyJlMmJmYjczMC1lY2FhLTExZTYtOGY4OC0zNDM2M2JjN2M0YzAiOnsiY3JlYXRlIjozMDAwMDAwMDAwMDB9LCJzY2hlbWFfdmVyc2lvbiI6IjIifQ==",
          "dependencies": [
            "module.gerador-dev.aws_security_group.cluster",
            "module.gerador-dev.aws_security_group.node",
            "module.vpc.aws_vpc.this"
          ],
          "create_before_destroy": true
        },
        {
          "index_key": "ingress_nodes_ephemeral",
          "schema_version": 2,
          "attributes": {
            "cidr_blocks": null,
            "description": "Node to node ingress on ephemeral ports",
            "from_port": 1025,
            "id": "sgrule-3073881185",
            "ipv6_cidr_blocks": null,
            "prefix_list_ids": [],
            "protocol": "tcp",
            "security_group_id": "sg-016f5b7c5cf5e792c",
            "security_group_rule_id": "sgr-028456d7ceb98fe9f",
            "self": true,
            "source_security_group_id": null,
            "timeouts": null,
            "to_port": 65535,
            "type": "ingress"
          },
          "sensitive_attributes": [],
          "private": "eyJlMmJmYjczMC1lY2FhLTExZTYtOGY4OC0zNDM2M2JjN2M0YzAiOnsiY3JlYXRlIjozMDAwMDAwMDAwMDB9LCJzY2hlbWFfdmVyc2lvbiI6IjIifQ==",
          "dependencies": [
            "module.gerador-dev.aws_security_group.cluster",
            "module.gerador-dev.aws_security_group.node",
            "module.vpc.aws_vpc.this"
          ],
          "create_before_destroy": true
        },
        {
          "index_key": "ingress_self_coredns_tcp",
          "schema_version": 2,
          "attributes": {
            "cidr_blocks": null,
            "description": "Node to node CoreDNS",
            "from_port": 53,
            "id": "sgrule-3798383918",
            "ipv6_cidr_blocks": null,
            "prefix_list_ids": [],
            "protocol": "tcp",
            "security_group_id": "sg-016f5b7c5cf5e792c",
            "security_group_rule_id": "sgr-0e30e6e3eb0e5ebb7",
            "self": true,
            "source_security_group_id": null,
            "timeouts": null,
            "to_port": 53,
            "type": "ingress"
          },
          "sensitive_attributes": [],
          "private": "eyJlMmJmYjczMC1lY2FhLTExZTYtOGY4OC0zNDM2M2JjN2M0YzAiOnsiY3JlYXRlIjozMDAwMDAwMDAwMDB9LCJzY2hlbWFfdmVyc2lvbiI6IjIifQ==",
          "dependencies": [
            "module.gerador-dev.aws_security_group.cluster",
            "module.gerador-dev.aws_security_group.node",
            "module.vpc.aws_vpc.this"
          ],
          "create_before_destroy": true
        },
        {
          "index_key": "ingress_self_coredns_udp",
          "schema_version": 2,
          "attributes": {
            "cidr_blocks": null,
            "description": "Node to node CoreDNS UDP",
            "from_port": 53,
            "id": "sgrule-1178148545",
            "ipv6_cidr_blocks": null,
            "prefix_list_ids": [],
            "protocol": "udp",
            "security_group_id": "sg-016f5b7c5cf5e792c",
            "security_group_rule_id": "sgr-0f357b0ea1c6da246",
            "self": true,
            "source_security_group_id": null,
            "timeouts": null,
            "to_port": 53,
            "type": "ingress"
          },
          "sensitive_attributes": [],
          "private": "eyJlMmJmYjczMC1lY2FhLTExZTYtOGY4OC0zNDM2M2JjN2M0YzAiOnsiY3JlYXRlIjozMDAwMDAwMDAwMDB9LCJzY2hlbWFfdmVyc2lvbiI6IjIifQ==",
          "dependencies": [
            "module.gerador-dev.aws_security_group.cluster",
            "module.gerador-dev.aws_security_group.node",
            "module.vpc.aws_vpc.this"
          ],
          "create_before_destroy": true
        }
      ]
    },
    {
      "module": "module.gerador-dev",
      "mode": "managed",
      "type": "time_sleep",
      "name": "this",
      "provider": "provider[\"registry.terraform.io/hashicorp/time\"]",
      "instances": [
        {
          "index_key": 0,
          "schema_version": 0,
          "attributes": {
            "create_duration": "30s",
            "destroy_duration": null,
            "id": "2024-06-30T06:28:05Z",
            "triggers": {
              "cluster_certificate_authority_data": "LS0tLS1CRUdJTiBDRVJUSUZJQ0FURS0tLS0tCk1JSURCVENDQWUyZ0F3SUJBZ0lJWmdCS3lkRVJxS3N3RFFZSktvWklodmNOQVFFTEJRQXdGVEVUTUJFR0ExVUUKQXhNS2EzVmlaWEp1WlhSbGN6QWVGdzB5TkRBMk16QXdOakUyTlRWYUZ3MHpOREEyTWpnd05qSXhOVFZhTUJVeApFekFSQmdOVkJBTVRDbXQxWW1WeWJtVjBaWE13Z2dFaU1BMEdDU3FHU0liM0RRRUJBUVVBQTRJQkR3QXdnZ0VLCkFvSUJBUURhR3Z1UklHVjV4Y0NYZkltUExxYW1JbEFpbW1jbWlMZUs2NzVKc2VTM3NJb1ppcU0wT29IRXVHUW0KVWhyYzlmMHE2cXFZZVFCMW1KVDhwdk8yUS9uVXBYMGdBSDhWSE5jWFFlbEdvUWYyYjgxcmdhRmFNMzZHN2lZSQplN2wyT3grclVKY0o5OGREOE9kcWRLSUxxTUxCOUxVYlRLaGg3MTlyVDFmajVjZ2ZMajhVY0o1RkRNUE9WRHk5CjNEVkdwV1c1TlhieG1GM0pBYVZMRGw2aVNLRzFuU3JSYWxkdlFDR29JRFhoRmVOZUZ1UVlnNlkwZ05FRmt2akgKT0Fnc1BySVRpR2JEeUFTQUZZblc3MmhTOWR0d2h1SEc2YWxoNDBNTHdDL051ZEh5bkdUZ0hVWmFkWTcyUEQxaQpTaU5OSTN0dFBYc25GM1BFa0ROaHltQnpneCtUQWdNQkFBR2pXVEJYTUE0R0ExVWREd0VCL3dRRUF3SUNwREFQCkJnTlZIUk1CQWY4RUJUQURBUUgvTUIwR0ExVWREZ1FXQkJTMXRmUmxDNDdVMCt5RlM0SmNqQU5sNGlVMTJUQVYKQmdOVkhSRUVEakFNZ2dwcmRXSmxjbTVsZEdWek1BMEdDU3FHU0liM0RRRUJDd1VBQTRJQkFRRFhZaXdQRzAvTQpSUUttTlNrYm83MHBkZXRsaUlZTHNMWnFPTGIxZnhjeFJNQzUxc2JPTUNhVjlqZGRKaGdaVzNLeTl2aGI5endUCnpONGR4Q0IzbU1WSnBOWTd6aVJKTTVqOHRqdmVSbEwzTkZ2dVczaTBNdE44eGp1dGc2U3ZHVng5THR4TS85THIKWlk0TkJKRXBFYUJIcVBjZlhzZnFHNzl1UnF1SDlRK1FSUHdBUUpxMGx5NDBQWHQ2eXdodllBUk4vQWdyd2FWTApoSjd3OEpmeEh4ZnVYMlpSMEhDaTVEUnNtWlVUN1ErbnZEUjhBZkZWQ2k0MHQzUS96eFhodjJLRlFsK3M1SkJNCjNWM1BPOHNNWXY3c2xZeWZwYVJaeTRTQkx6SnVLdTNtOG80YlZOdTIvUDFDUytTbSszTndkYTc5ZnBrNmVnclkKRWdYangxbnhPUUhLCi0tLS0tRU5EIENFUlRJRklDQVRFLS0tLS0K",
              "cluster_endpoint": "https://F5A3AD655CD66B4A3A847ADD012463AF.gr7.us-east-1.eks.amazonaws.com",
              "cluster_name": "gerador-dev",
              "cluster_version": "1.27"
            }
          },
          "sensitive_attributes": [],
          "dependencies": [
            "module.gerador-dev.aws_cloudwatch_log_group.this",
            "module.gerador-dev.aws_eks_cluster.this",
            "module.gerador-dev.aws_iam_policy.cni_ipv6_policy",
            "module.gerador-dev.aws_iam_role.this",
            "module.gerador-dev.aws_iam_role_policy_attachment.this",
            "module.gerador-dev.aws_security_group.cluster",
            "module.gerador-dev.aws_security_group.node",
            "module.gerador-dev.aws_security_group_rule.cluster",
            "module.gerador-dev.aws_security_group_rule.node",
            "module.gerador-dev.data.aws_caller_identity.current",
            "module.gerador-dev.data.aws_iam_policy_document.assume_role_policy",
            "module.gerador-dev.data.aws_iam_policy_document.cni_ipv6_policy",
            "module.gerador-dev.data.aws_iam_session_context.current",
            "module.gerador-dev.data.aws_partition.current",
            "module.gerador-dev.module.kms.aws_kms_external_key.this",
            "module.gerador-dev.module.kms.aws_kms_key.this",
            "module.gerador-dev.module.kms.data.aws_caller_identity.current",
            "module.gerador-dev.module.kms.data.aws_iam_policy_document.this",
            "module.gerador-dev.module.kms.data.aws_partition.current",
            "module.vpc.aws_subnet.private",
            "module.vpc.aws_vpc.this",
            "module.vpc.aws_vpc_ipv4_cidr_block_association.this"
          ],
          "create_before_destroy": true
        }
      ]
    },
    {
      "module": "module.gerador-dev.module.eks_managed_node_group[\"live\"]",
      "mode": "data",
      "type": "aws_caller_identity",
      "name": "current",
      "provider": "provider[\"registry.terraform.io/hashicorp/aws\"]",
      "instances": [
        {
          "schema_version": 0,
          "attributes": {
            "account_id": "637423345847",
            "arn": "arn:aws:iam::637423345847:user/Renato",
            "id": "637423345847",
            "user_id": "AIDAZI2LEMC34R2EMZ2DX"
          },
          "sensitive_attributes": []
        }
      ]
    },
    {
      "module": "module.gerador-dev.module.eks_managed_node_group[\"live\"]",
      "mode": "data",
      "type": "aws_iam_policy_document",
      "name": "assume_role_policy",
      "provider": "provider[\"registry.terraform.io/hashicorp/aws\"]",
      "instances": [
        {
          "index_key": 0,
          "schema_version": 0,
          "attributes": {
            "id": "2560088296",
            "json": "{\n  \"Version\": \"2012-10-17\",\n  \"Statement\": [\n    {\n      \"Sid\": \"EKSNodeAssumeRole\",\n      \"Effect\": \"Allow\",\n      \"Action\": \"sts:AssumeRole\",\n      \"Principal\": {\n        \"Service\": \"ec2.amazonaws.com\"\n      }\n    }\n  ]\n}",
            "minified_json": "{\"Version\":\"2012-10-17\",\"Statement\":[{\"Sid\":\"EKSNodeAssumeRole\",\"Effect\":\"Allow\",\"Action\":\"sts:AssumeRole\",\"Principal\":{\"Service\":\"ec2.amazonaws.com\"}}]}",
            "override_json": null,
            "override_policy_documents": null,
            "policy_id": null,
            "source_json": null,
            "source_policy_documents": null,
            "statement": [
              {
                "actions": [
                  "sts:AssumeRole"
                ],
                "condition": [],
                "effect": "Allow",
                "not_actions": [],
                "not_principals": [],
                "not_resources": [],
                "principals": [
                  {
                    "identifiers": [
                      "ec2.amazonaws.com"
                    ],
                    "type": "Service"
                  }
                ],
                "resources": [],
                "sid": "EKSNodeAssumeRole"
              }
            ],
            "version": "2012-10-17"
          },
          "sensitive_attributes": []
        }
      ]
    },
    {
      "module": "module.gerador-dev.module.eks_managed_node_group[\"live\"]",
      "mode": "data",
      "type": "aws_partition",
      "name": "current",
      "provider": "provider[\"registry.terraform.io/hashicorp/aws\"]",
      "instances": [
        {
          "schema_version": 0,
          "attributes": {
            "dns_suffix": "amazonaws.com",
            "id": "aws",
            "partition": "aws",
            "reverse_dns_prefix": "com.amazonaws"
          },
          "sensitive_attributes": []
        }
      ]
    },
    {
      "module": "module.gerador-dev.module.eks_managed_node_group[\"live\"]",
      "mode": "managed",
      "type": "aws_eks_node_group",
      "name": "this",
      "provider": "provider[\"registry.terraform.io/hashicorp/aws\"]",
      "instances": [
        {
          "index_key": 0,
          "schema_version": 0,
          "attributes": {
            "ami_type": "AL2_x86_64",
            "arn": "arn:aws:eks:us-east-1:637423345847:nodegroup/gerador-dev/live-20240630062806108500000011/56c833ea-2883-2fed-190f-6d4ed0df8a5f",
            "capacity_type": "ON_DEMAND",
            "cluster_name": "gerador-dev",
            "disk_size": 0,
            "force_update_version": null,
            "id": "gerador-dev:live-20240630062806108500000011",
            "instance_types": [
              "t3.medium"
            ],
            "labels": {},
            "launch_template": [
              {
                "id": "lt-0337e5919754d4985",
                "name": "live-2024063006280518770000000f",
                "version": "1"
              }
            ],
            "node_group_name": "live-20240630062806108500000011",
            "node_group_name_prefix": "live-",
            "node_role_arn": "arn:aws:iam::637423345847:role/live-eks-node-group-20240630061526482700000001",
            "release_version": "1.27.12-20240625",
            "remote_access": [],
            "resources": [
              {
                "autoscaling_groups": [
                  {
                    "name": "eks-live-20240630062806108500000011-56c833ea-2883-2fed-190f-6d4ed0df8a5f"
                  }
                ],
                "remote_access_security_group_id": ""
              }
            ],
            "scaling_config": [
              {
                "desired_size": 3,
                "max_size": 3,
                "min_size": 1
              }
            ],
            "status": "ACTIVE",
            "subnet_ids": [
              "subnet-05c8d9fca49b92c4b",
              "subnet-0963442665125dcf9",
              "subnet-0c1152ccafffc9fec"
            ],
            "tags": {
              "Name": "live"
            },
            "tags_all": {
              "Name": "live"
            },
            "taint": [],
            "timeouts": {
              "create": null,
              "delete": null,
              "update": null
            },
            "update_config": [
              {
                "max_unavailable": 0,
                "max_unavailable_percentage": 33
              }
            ],
            "version": "1.27"
          },
          "sensitive_attributes": [],
          "private": "eyJlMmJmYjczMC1lY2FhLTExZTYtOGY4OC0zNDM2M2JjN2M0YzAiOnsiY3JlYXRlIjozNjAwMDAwMDAwMDAwLCJkZWxldGUiOjM2MDAwMDAwMDAwMDAsInVwZGF0ZSI6MzYwMDAwMDAwMDAwMH19",
          "dependencies": [
            "module.gerador-dev.aws_cloudwatch_log_group.this",
            "module.gerador-dev.aws_eks_cluster.this",
            "module.gerador-dev.aws_iam_policy.cni_ipv6_policy",
            "module.gerador-dev.aws_iam_role.this",
            "module.gerador-dev.aws_iam_role_policy_attachment.this",
            "module.gerador-dev.aws_security_group.cluster",
            "module.gerador-dev.aws_security_group.node",
            "module.gerador-dev.aws_security_group_rule.cluster",
            "module.gerador-dev.aws_security_group_rule.node",
            "module.gerador-dev.data.aws_caller_identity.current",
            "module.gerador-dev.data.aws_iam_policy_document.assume_role_policy",
            "module.gerador-dev.data.aws_iam_policy_document.cni_ipv6_policy",
            "module.gerador-dev.data.aws_iam_session_context.current",
            "module.gerador-dev.data.aws_partition.current",
            "module.gerador-dev.module.eks_managed_node_group.aws_iam_role.this",
            "module.gerador-dev.module.eks_managed_node_group.aws_iam_role_policy_attachment.this",
            "module.gerador-dev.module.eks_managed_node_group.aws_launch_template.this",
            "module.gerador-dev.module.eks_managed_node_group.data.aws_caller_identity.current",
            "module.gerador-dev.module.eks_managed_node_group.data.aws_iam_policy_document.assume_role_policy",
            "module.gerador-dev.module.eks_managed_node_group.data.aws_partition.current",
            "module.gerador-dev.module.eks_managed_node_group.module.user_data.data.cloudinit_config.linux_eks_managed_node_group",
            "module.gerador-dev.module.kms.aws_kms_external_key.this",
            "module.gerador-dev.module.kms.aws_kms_key.this",
            "module.gerador-dev.module.kms.data.aws_caller_identity.current",
            "module.gerador-dev.module.kms.data.aws_iam_policy_document.this",
            "module.gerador-dev.module.kms.data.aws_partition.current",
            "module.gerador-dev.time_sleep.this",
            "module.vpc.aws_subnet.private",
            "module.vpc.aws_vpc.this",
            "module.vpc.aws_vpc_ipv4_cidr_block_association.this"
          ],
          "create_before_destroy": true
        }
      ]
    },
    {
      "module": "module.gerador-dev.module.eks_managed_node_group[\"live\"]",
      "mode": "managed",
      "type": "aws_iam_role",
      "name": "this",
      "provider": "provider[\"registry.terraform.io/hashicorp/aws\"]",
      "instances": [
        {
          "index_key": 0,
          "schema_version": 0,
          "attributes": {
            "arn": "arn:aws:iam::637423345847:role/live-eks-node-group-20240630061526482700000001",
            "assume_role_policy": "{\"Statement\":[{\"Action\":\"sts:AssumeRole\",\"Effect\":\"Allow\",\"Principal\":{\"Service\":\"ec2.amazonaws.com\"},\"Sid\":\"EKSNodeAssumeRole\"}],\"Version\":\"2012-10-17\"}",
            "create_date": "2024-06-30T06:15:27Z",
            "description": "EKS managed node group IAM role",
            "force_detach_policies": true,
            "id": "live-eks-node-group-20240630061526482700000001",
            "inline_policy": [],
            "managed_policy_arns": [
              "arn:aws:iam::aws:policy/AmazonEC2ContainerRegistryReadOnly",
              "arn:aws:iam::aws:policy/AmazonEKSWorkerNodePolicy",
              "arn:aws:iam::aws:policy/AmazonEKS_CNI_Policy"
            ],
            "max_session_duration": 3600,
            "name": "live-eks-node-group-20240630061526482700000001",
            "name_prefix": "live-eks-node-group-",
            "path": "/",
            "permissions_boundary": "",
            "tags": {},
            "tags_all": {},
            "unique_id": "AROAZI2LEMC36DMBSBSRN"
          },
          "sensitive_attributes": [],
          "private": "bnVsbA==",
          "dependencies": [
            "module.gerador-dev.module.eks_managed_node_group.data.aws_iam_policy_document.assume_role_policy",
            "module.gerador-dev.module.eks_managed_node_group.data.aws_partition.current"
          ],
          "create_before_destroy": true
        }
      ]
    },
    {
      "module": "module.gerador-dev.module.eks_managed_node_group[\"live\"]",
      "mode": "managed",
      "type": "aws_iam_role_policy_attachment",
      "name": "this",
      "provider": "provider[\"registry.terraform.io/hashicorp/aws\"]",
      "instances": [
        {
          "index_key": "arn:aws:iam::aws:policy/AmazonEC2ContainerRegistryReadOnly",
          "schema_version": 0,
          "attributes": {
            "id": "live-eks-node-group-20240630061526482700000001-20240630061527697700000003",
            "policy_arn": "arn:aws:iam::aws:policy/AmazonEC2ContainerRegistryReadOnly",
            "role": "live-eks-node-group-20240630061526482700000001"
          },
          "sensitive_attributes": [],
          "private": "bnVsbA==",
          "dependencies": [
            "module.gerador-dev.module.eks_managed_node_group.aws_iam_role.this",
            "module.gerador-dev.module.eks_managed_node_group.data.aws_caller_identity.current",
            "module.gerador-dev.module.eks_managed_node_group.data.aws_iam_policy_document.assume_role_policy",
            "module.gerador-dev.module.eks_managed_node_group.data.aws_partition.current"
          ],
          "create_before_destroy": true
        },
        {
          "index_key": "arn:aws:iam::aws:policy/AmazonEKSWorkerNodePolicy",
          "schema_version": 0,
          "attributes": {
            "id": "live-eks-node-group-20240630061526482700000001-20240630061527899900000005",
            "policy_arn": "arn:aws:iam::aws:policy/AmazonEKSWorkerNodePolicy",
            "role": "live-eks-node-group-20240630061526482700000001"
          },
          "sensitive_attributes": [],
          "private": "bnVsbA==",
          "dependencies": [
            "module.gerador-dev.module.eks_managed_node_group.aws_iam_role.this",
            "module.gerador-dev.module.eks_managed_node_group.data.aws_caller_identity.current",
            "module.gerador-dev.module.eks_managed_node_group.data.aws_iam_policy_document.assume_role_policy",
            "module.gerador-dev.module.eks_managed_node_group.data.aws_partition.current"
          ],
          "create_before_destroy": true
        },
        {
          "index_key": "arn:aws:iam::aws:policy/AmazonEKS_CNI_Policy",
          "schema_version": 0,
          "attributes": {
            "id": "live-eks-node-group-20240630061526482700000001-20240630061527723700000004",
            "policy_arn": "arn:aws:iam::aws:policy/AmazonEKS_CNI_Policy",
            "role": "live-eks-node-group-20240630061526482700000001"
          },
          "sensitive_attributes": [],
          "private": "bnVsbA==",
          "dependencies": [
            "module.gerador-dev.module.eks_managed_node_group.aws_iam_role.this",
            "module.gerador-dev.module.eks_managed_node_group.data.aws_caller_identity.current",
            "module.gerador-dev.module.eks_managed_node_group.data.aws_iam_policy_document.assume_role_policy",
            "module.gerador-dev.module.eks_managed_node_group.data.aws_partition.current"
          ],
          "create_before_destroy": true
        }
      ]
    },
    {
      "module": "module.gerador-dev.module.eks_managed_node_group[\"live\"]",
      "mode": "managed",
      "type": "aws_launch_template",
      "name": "this",
      "provider": "provider[\"registry.terraform.io/hashicorp/aws\"]",
      "instances": [
        {
          "index_key": 0,
          "schema_version": 0,
          "attributes": {
            "arn": "arn:aws:ec2:us-east-1:637423345847:launch-template/lt-0337e5919754d4985",
            "block_device_mappings": [],
            "capacity_reservation_specification": [],
            "cpu_options": [],
            "credit_specification": [],
            "default_version": 1,
            "description": "Custom launch template for live EKS managed node group",
            "disable_api_stop": false,
            "disable_api_termination": false,
            "ebs_optimized": "",
            "elastic_gpu_specifications": [],
            "elastic_inference_accelerator": [],
            "enclave_options": [],
            "hibernation_options": [],
            "iam_instance_profile": [],
            "id": "lt-0337e5919754d4985",
            "image_id": "",
            "instance_initiated_shutdown_behavior": "",
            "instance_market_options": [],
            "instance_requirements": [],
            "instance_type": "",
            "kernel_id": "",
            "key_name": "",
            "latest_version": 1,
            "license_specification": [],
            "maintenance_options": [],
            "metadata_options": [
              {
                "http_endpoint": "enabled",
                "http_protocol_ipv6": "",
                "http_put_response_hop_limit": 2,
                "http_tokens": "required",
                "instance_metadata_tags": ""
              }
            ],
            "monitoring": [
              {
                "enabled": true
              }
            ],
            "name": "live-2024063006280518770000000f",
            "name_prefix": "live-",
            "network_interfaces": [],
            "placement": [],
            "private_dns_name_options": [],
            "ram_disk_id": "",
            "security_group_names": [],
            "tag_specifications": [
              {
                "resource_type": "instance",
                "tags": {
                  "Name": "live"
                }
              },
              {
                "resource_type": "network-interface",
                "tags": {
                  "Name": "live"
                }
              },
              {
                "resource_type": "volume",
                "tags": {
                  "Name": "live"
                }
              }
            ],
            "tags": {},
            "tags_all": {},
            "update_default_version": true,
            "user_data": "",
            "vpc_security_group_ids": [
              "sg-016f5b7c5cf5e792c"
            ]
          },
          "sensitive_attributes": [],
          "private": "bnVsbA==",
          "dependencies": [
            "module.gerador-dev.aws_cloudwatch_log_group.this",
            "module.gerador-dev.aws_eks_cluster.this",
            "module.gerador-dev.aws_iam_policy.cni_ipv6_policy",
            "module.gerador-dev.aws_iam_role.this",
            "module.gerador-dev.aws_iam_role_policy_attachment.this",
            "module.gerador-dev.aws_security_group.cluster",
            "module.gerador-dev.aws_security_group.node",
            "module.gerador-dev.aws_security_group_rule.cluster",
            "module.gerador-dev.aws_security_group_rule.node",
            "module.gerador-dev.data.aws_caller_identity.current",
            "module.gerador-dev.data.aws_iam_policy_document.assume_role_policy",
            "module.gerador-dev.data.aws_iam_policy_document.cni_ipv6_policy",
            "module.gerador-dev.data.aws_iam_session_context.current",
            "module.gerador-dev.data.aws_partition.current",
            "module.gerador-dev.module.eks_managed_node_group.aws_iam_role.this",
            "module.gerador-dev.module.eks_managed_node_group.aws_iam_role_policy_attachment.this",
            "module.gerador-dev.module.eks_managed_node_group.data.aws_caller_identity.current",
            "module.gerador-dev.module.eks_managed_node_group.data.aws_iam_policy_document.assume_role_policy",
            "module.gerador-dev.module.eks_managed_node_group.data.aws_partition.current",
            "module.gerador-dev.module.eks_managed_node_group.module.user_data.data.cloudinit_config.linux_eks_managed_node_group",
            "module.gerador-dev.module.kms.aws_kms_external_key.this",
            "module.gerador-dev.module.kms.aws_kms_key.this",
            "module.gerador-dev.module.kms.data.aws_caller_identity.current",
            "module.gerador-dev.module.kms.data.aws_iam_policy_document.this",
            "module.gerador-dev.module.kms.data.aws_partition.current",
            "module.gerador-dev.time_sleep.this",
            "module.vpc.aws_subnet.private",
            "module.vpc.aws_vpc.this",
            "module.vpc.aws_vpc_ipv4_cidr_block_association.this"
          ],
          "create_before_destroy": true
        }
      ]
    },
    {
      "module": "module.gerador-dev.module.kms",
      "mode": "data",
      "type": "aws_caller_identity",
      "name": "current",
      "provider": "provider[\"registry.terraform.io/hashicorp/aws\"]",
      "instances": [
        {
          "schema_version": 0,
          "attributes": {
            "account_id": "637423345847",
            "arn": "arn:aws:iam::637423345847:user/Renato",
            "id": "637423345847",
            "user_id": "AIDAZI2LEMC34R2EMZ2DX"
          },
          "sensitive_attributes": []
        }
      ]
    },
    {
      "module": "module.gerador-dev.module.kms",
      "mode": "data",
      "type": "aws_iam_policy_document",
      "name": "this",
      "provider": "provider[\"registry.terraform.io/hashicorp/aws\"]",
      "instances": [
        {
          "index_key": 0,
          "schema_version": 0,
          "attributes": {
            "id": "486056505",
            "json": "{\n  \"Version\": \"2012-10-17\",\n  \"Statement\": [\n    {\n      \"Sid\": \"KeyAdministration\",\n      \"Effect\": \"Allow\",\n      \"Action\": [\n        \"kms:Update*\",\n        \"kms:UntagResource\",\n        \"kms:TagResource\",\n        \"kms:ScheduleKeyDeletion\",\n        \"kms:Revoke*\",\n        \"kms:Put*\",\n        \"kms:List*\",\n        \"kms:Get*\",\n        \"kms:Enable*\",\n        \"kms:Disable*\",\n        \"kms:Describe*\",\n        \"kms:Delete*\",\n        \"kms:Create*\",\n        \"kms:CancelKeyDeletion\"\n      ],\n      \"Resource\": \"*\",\n      \"Principal\": {\n        \"AWS\": \"arn:aws:iam::637423345847:user/Renato\"\n      }\n    },\n    {\n      \"Sid\": \"KeyUsage\",\n      \"Effect\": \"Allow\",\n      \"Action\": [\n        \"kms:ReEncrypt*\",\n        \"kms:GenerateDataKey*\",\n        \"kms:Encrypt\",\n        \"kms:DescribeKey\",\n        \"kms:Decrypt\"\n      ],\n      \"Resource\": \"*\",\n      \"Principal\": {\n        \"AWS\": \"arn:aws:iam::637423345847:role/gerador-dev-cluster-20240630061526484100000002\"\n      }\n    }\n  ]\n}",
            "minified_json": "{\"Version\":\"2012-10-17\",\"Statement\":[{\"Sid\":\"KeyAdministration\",\"Effect\":\"Allow\",\"Action\":[\"kms:Update*\",\"kms:UntagResource\",\"kms:TagResource\",\"kms:ScheduleKeyDeletion\",\"kms:Revoke*\",\"kms:Put*\",\"kms:List*\",\"kms:Get*\",\"kms:Enable*\",\"kms:Disable*\",\"kms:Describe*\",\"kms:Delete*\",\"kms:Create*\",\"kms:CancelKeyDeletion\"],\"Resource\":\"*\",\"Principal\":{\"AWS\":\"arn:aws:iam::637423345847:user/Renato\"}},{\"Sid\":\"KeyUsage\",\"Effect\":\"Allow\",\"Action\":[\"kms:ReEncrypt*\",\"kms:GenerateDataKey*\",\"kms:Encrypt\",\"kms:DescribeKey\",\"kms:Decrypt\"],\"Resource\":\"*\",\"Principal\":{\"AWS\":\"arn:aws:iam::637423345847:role/gerador-dev-cluster-20240630061526484100000002\"}}]}",
            "override_json": null,
            "override_policy_documents": null,
            "policy_id": null,
            "source_json": null,
            "source_policy_documents": null,
            "statement": [
              {
                "actions": [
                  "kms:CancelKeyDeletion",
                  "kms:Create*",
                  "kms:Delete*",
                  "kms:Describe*",
                  "kms:Disable*",
                  "kms:Enable*",
                  "kms:Get*",
                  "kms:List*",
                  "kms:Put*",
                  "kms:Revoke*",
                  "kms:ScheduleKeyDeletion",
                  "kms:TagResource",
                  "kms:UntagResource",
                  "kms:Update*"
                ],
                "condition": [],
                "effect": "Allow",
                "not_actions": [],
                "not_principals": [],
                "not_resources": [],
                "principals": [
                  {
                    "identifiers": [
                      "arn:aws:iam::637423345847:user/Renato"
                    ],
                    "type": "AWS"
                  }
                ],
                "resources": [
                  "*"
                ],
                "sid": "KeyAdministration"
              },
              {
                "actions": [
                  "kms:Decrypt",
                  "kms:DescribeKey",
                  "kms:Encrypt",
                  "kms:GenerateDataKey*",
                  "kms:ReEncrypt*"
                ],
                "condition": [],
                "effect": "Allow",
                "not_actions": [],
                "not_principals": [],
                "not_resources": [],
                "principals": [
                  {
                    "identifiers": [
                      "arn:aws:iam::637423345847:role/gerador-dev-cluster-20240630061526484100000002"
                    ],
                    "type": "AWS"
                  }
                ],
                "resources": [
                  "*"
                ],
                "sid": "KeyUsage"
              }
            ],
            "version": "2012-10-17"
          },
          "sensitive_attributes": []
        }
      ]
    },
    {
      "module": "module.gerador-dev.module.kms",
      "mode": "data",
      "type": "aws_partition",
      "name": "current",
      "provider": "provider[\"registry.terraform.io/hashicorp/aws\"]",
      "instances": [
        {
          "schema_version": 0,
          "attributes": {
            "dns_suffix": "amazonaws.com",
            "id": "aws",
            "partition": "aws",
            "reverse_dns_prefix": "com.amazonaws"
          },
          "sensitive_attributes": []
        }
      ]
    },
    {
      "module": "module.gerador-dev.module.kms",
      "mode": "managed",
      "type": "aws_kms_alias",
      "name": "this",
      "provider": "provider[\"registry.terraform.io/hashicorp/aws\"]",
      "instances": [
        {
          "index_key": "cluster",
          "schema_version": 0,
          "attributes": {
            "arn": "arn:aws:kms:us-east-1:637423345847:alias/eks/gerador-dev",
            "id": "alias/eks/gerador-dev",
            "name": "alias/eks/gerador-dev",
            "name_prefix": "",
            "target_key_arn": "arn:aws:kms:us-east-1:637423345847:key/af87e467-c64c-4cb4-b1ff-e8f205c42ee7",
            "target_key_id": "af87e467-c64c-4cb4-b1ff-e8f205c42ee7"
          },
          "sensitive_attributes": [],
          "private": "bnVsbA==",
          "dependencies": [
            "module.gerador-dev.aws_iam_role.this",
            "module.gerador-dev.data.aws_caller_identity.current",
            "module.gerador-dev.data.aws_iam_policy_document.assume_role_policy",
            "module.gerador-dev.data.aws_iam_session_context.current",
            "module.gerador-dev.data.aws_partition.current",
            "module.gerador-dev.module.kms.aws_kms_external_key.this",
            "module.gerador-dev.module.kms.aws_kms_key.this",
            "module.gerador-dev.module.kms.data.aws_caller_identity.current",
            "module.gerador-dev.module.kms.data.aws_iam_policy_document.this",
            "module.gerador-dev.module.kms.data.aws_partition.current"
          ]
        }
      ]
    },
    {
      "module": "module.gerador-dev.module.kms",
      "mode": "managed",
      "type": "aws_kms_key",
      "name": "this",
      "provider": "provider[\"registry.terraform.io/hashicorp/aws\"]",
      "instances": [
        {
          "index_key": 0,
          "schema_version": 0,
          "attributes": {
            "arn": "arn:aws:kms:us-east-1:637423345847:key/af87e467-c64c-4cb4-b1ff-e8f205c42ee7",
            "bypass_policy_lockout_safety_check": false,
            "custom_key_store_id": "",
            "customer_master_key_spec": "SYMMETRIC_DEFAULT",
            "deletion_window_in_days": null,
            "description": "gerador-dev cluster encryption key",
            "enable_key_rotation": true,
            "id": "af87e467-c64c-4cb4-b1ff-e8f205c42ee7",
            "is_enabled": true,
            "key_id": "af87e467-c64c-4cb4-b1ff-e8f205c42ee7",
            "key_usage": "ENCRYPT_DECRYPT",
            "multi_region": false,
            "policy": "{\"Statement\":[{\"Action\":[\"kms:Update*\",\"kms:UntagResource\",\"kms:TagResource\",\"kms:ScheduleKeyDeletion\",\"kms:Revoke*\",\"kms:Put*\",\"kms:List*\",\"kms:Get*\",\"kms:Enable*\",\"kms:Disable*\",\"kms:Describe*\",\"kms:Delete*\",\"kms:Create*\",\"kms:CancelKeyDeletion\"],\"Effect\":\"Allow\",\"Principal\":{\"AWS\":\"arn:aws:iam::637423345847:user/Renato\"},\"Resource\":\"*\",\"Sid\":\"KeyAdministration\"},{\"Action\":[\"kms:ReEncrypt*\",\"kms:GenerateDataKey*\",\"kms:Encrypt\",\"kms:DescribeKey\",\"kms:Decrypt\"],\"Effect\":\"Allow\",\"Principal\":{\"AWS\":\"arn:aws:iam::637423345847:role/gerador-dev-cluster-20240630061526484100000002\"},\"Resource\":\"*\",\"Sid\":\"KeyUsage\"}],\"Version\":\"2012-10-17\"}",
            "rotation_period_in_days": 365,
            "tags": {},
            "tags_all": {},
            "timeouts": null,
            "xks_key_id": ""
          },
          "sensitive_attributes": [],
          "private": "eyJlMmJmYjczMC1lY2FhLTExZTYtOGY4OC0zNDM2M2JjN2M0YzAiOnsiY3JlYXRlIjoxMjAwMDAwMDAwMDB9fQ==",
          "dependencies": [
            "module.gerador-dev.aws_iam_role.this",
            "module.gerador-dev.data.aws_caller_identity.current",
            "module.gerador-dev.data.aws_iam_policy_document.assume_role_policy",
            "module.gerador-dev.data.aws_iam_session_context.current",
            "module.gerador-dev.data.aws_partition.current",
            "module.gerador-dev.module.kms.data.aws_caller_identity.current",
            "module.gerador-dev.module.kms.data.aws_iam_policy_document.this",
            "module.gerador-dev.module.kms.data.aws_partition.current"
          ],
          "create_before_destroy": true
        }
      ]
    },
    {
      "module": "module.vpc",
      "mode": "managed",
      "type": "aws_default_network_acl",
      "name": "this",
      "provider": "provider[\"registry.terraform.io/hashicorp/aws\"]",
      "instances": [
        {
          "index_key": 0,
          "schema_version": 0,
          "attributes": {
            "arn": "arn:aws:ec2:us-east-1:637423345847:network-acl/acl-080e17fa2ba6ed3f4",
            "default_network_acl_id": "acl-080e17fa2ba6ed3f4",
            "egress": [
              {
                "action": "allow",
                "cidr_block": "",
                "from_port": 0,
                "icmp_code": 0,
                "icmp_type": 0,
                "ipv6_cidr_block": "::/0",
                "protocol": "-1",
                "rule_no": 101,
                "to_port": 0
              },
              {
                "action": "allow",
                "cidr_block": "0.0.0.0/0",
                "from_port": 0,
                "icmp_code": 0,
                "icmp_type": 0,
                "ipv6_cidr_block": "",
                "protocol": "-1",
                "rule_no": 100,
                "to_port": 0
              }
            ],
            "id": "acl-080e17fa2ba6ed3f4",
            "ingress": [
              {
                "action": "allow",
                "cidr_block": "",
                "from_port": 0,
                "icmp_code": 0,
                "icmp_type": 0,
                "ipv6_cidr_block": "::/0",
                "protocol": "-1",
                "rule_no": 101,
                "to_port": 0
              },
              {
                "action": "allow",
                "cidr_block": "0.0.0.0/0",
                "from_port": 0,
                "icmp_code": 0,
                "icmp_type": 0,
                "ipv6_cidr_block": "",
                "protocol": "-1",
                "rule_no": 100,
                "to_port": 0
              }
            ],
            "owner_id": "637423345847",
            "subnet_ids": [
              "subnet-02a9b418969f132c8",
              "subnet-05144f5223adeecc8",
              "subnet-05c8d9fca49b92c4b",
              "subnet-0963442665125dcf9",
              "subnet-0c0b3df28725ed1fc",
              "subnet-0c1152ccafffc9fec"
            ],
            "tags": {
              "Name": "gerador-dev-default",
              "kubernetes.io/cluster/elb": "1",
              "kubernetes.io/cluster/gerador": "shared"
            },
            "tags_all": {
              "Name": "gerador-dev-default",
              "kubernetes.io/cluster/elb": "1",
              "kubernetes.io/cluster/gerador": "shared"
            },
            "vpc_id": "vpc-01c7e2f2a608b61a2"
          },
          "sensitive_attributes": [],
          "private": "bnVsbA==",
          "dependencies": [
            "module.vpc.aws_vpc.this"
          ]
        }
      ]
    },
    {
      "module": "module.vpc",
      "mode": "managed",
      "type": "aws_default_route_table",
      "name": "default",
      "provider": "provider[\"registry.terraform.io/hashicorp/aws\"]",
      "instances": [
        {
          "index_key": 0,
          "schema_version": 0,
          "attributes": {
            "arn": "arn:aws:ec2:us-east-1:637423345847:route-table/rtb-0eb9e66ca8565b4db",
            "default_route_table_id": "rtb-0eb9e66ca8565b4db",
            "id": "rtb-0eb9e66ca8565b4db",
            "owner_id": "637423345847",
            "propagating_vgws": [],
            "route": [],
            "tags": {
              "Name": "gerador-dev-default",
              "kubernetes.io/cluster/elb": "1",
              "kubernetes.io/cluster/gerador": "shared"
            },
            "tags_all": {
              "Name": "gerador-dev-default",
              "kubernetes.io/cluster/elb": "1",
              "kubernetes.io/cluster/gerador": "shared"
            },
            "timeouts": {
              "create": "5m",
              "update": "5m"
            },
            "vpc_id": "vpc-01c7e2f2a608b61a2"
          },
          "sensitive_attributes": [],
          "private": "eyJlMmJmYjczMC1lY2FhLTExZTYtOGY4OC0zNDM2M2JjN2M0YzAiOnsiY3JlYXRlIjozMDAwMDAwMDAwMDAsInVwZGF0ZSI6MzAwMDAwMDAwMDAwfX0=",
          "dependencies": [
            "module.vpc.aws_vpc.this"
          ]
        }
      ]
    },
    {
      "module": "module.vpc",
      "mode": "managed",
      "type": "aws_default_security_group",
      "name": "this",
      "provider": "provider[\"registry.terraform.io/hashicorp/aws\"]",
      "instances": [
        {
          "index_key": 0,
          "schema_version": 1,
          "attributes": {
            "arn": "arn:aws:ec2:us-east-1:637423345847:security-group/sg-0eb908523374c0dbb",
            "description": "default VPC security group",
            "egress": [],
            "id": "sg-0eb908523374c0dbb",
            "ingress": [],
            "name": "default",
            "name_prefix": "",
            "owner_id": "637423345847",
            "revoke_rules_on_delete": false,
            "tags": {
              "Name": "gerador-dev-default",
              "kubernetes.io/cluster/elb": "1",
              "kubernetes.io/cluster/gerador": "shared"
            },
            "tags_all": {
              "Name": "gerador-dev-default",
              "kubernetes.io/cluster/elb": "1",
              "kubernetes.io/cluster/gerador": "shared"
            },
            "vpc_id": "vpc-01c7e2f2a608b61a2"
          },
          "sensitive_attributes": [],
          "private": "eyJzY2hlbWFfdmVyc2lvbiI6IjEifQ==",
          "dependencies": [
            "module.vpc.aws_vpc.this"
          ]
        }
      ]
    },
    {
      "module": "module.vpc",
      "mode": "managed",
      "type": "aws_eip",
      "name": "nat",
      "provider": "provider[\"registry.terraform.io/hashicorp/aws\"]",
      "instances": [
        {
          "index_key": 0,
          "schema_version": 0,
          "attributes": {
            "address": null,
            "allocation_id": "eipalloc-075015248dc540bf3",
            "arn": "arn:aws:ec2:us-east-1:637423345847:elastic-ip/eipalloc-075015248dc540bf3",
            "associate_with_private_ip": null,
            "association_id": "eipassoc-03dd67ef7f69bc2b0",
            "carrier_ip": "",
            "customer_owned_ip": "",
            "customer_owned_ipv4_pool": "",
            "domain": "vpc",
            "id": "eipalloc-075015248dc540bf3",
            "instance": "",
            "network_border_group": "us-east-1",
            "network_interface": "eni-0b08d3790cc6740c4",
            "private_dns": "ip-10-0-4-89.ec2.internal",
            "private_ip": "10.0.4.89",
            "ptr_record": "",
            "public_dns": "ec2-44-216-207-115.compute-1.amazonaws.com",
            "public_ip": "44.216.207.115",
            "public_ipv4_pool": "amazon",
            "tags": {
              "Name": "gerador-dev-us-east-1a",
              "kubernetes.io/cluster/elb": "1",
              "kubernetes.io/cluster/gerador": "shared"
            },
            "tags_all": {
              "Name": "gerador-dev-us-east-1a",
              "kubernetes.io/cluster/elb": "1",
              "kubernetes.io/cluster/gerador": "shared"
            },
            "timeouts": null,
            "vpc": true
          },
          "sensitive_attributes": [],
          "private": "eyJlMmJmYjczMC1lY2FhLTExZTYtOGY4OC0zNDM2M2JjN2M0YzAiOnsiZGVsZXRlIjoxODAwMDAwMDAwMDAsInJlYWQiOjkwMDAwMDAwMDAwMCwidXBkYXRlIjozMDAwMDAwMDAwMDB9fQ==",
          "dependencies": [
            "module.vpc.aws_internet_gateway.this",
            "module.vpc.aws_vpc.this",
            "module.vpc.aws_vpc_ipv4_cidr_block_association.this"
          ]
        }
      ]
    },
    {
      "module": "module.vpc",
      "mode": "managed",
      "type": "aws_internet_gateway",
      "name": "this",
      "provider": "provider[\"registry.terraform.io/hashicorp/aws\"]",
      "instances": [
        {
          "index_key": 0,
          "schema_version": 0,
          "attributes": {
            "arn": "arn:aws:ec2:us-east-1:637423345847:internet-gateway/igw-0382b0e1085a30372",
            "id": "igw-0382b0e1085a30372",
            "owner_id": "637423345847",
            "tags": {
              "Name": "gerador-dev",
              "kubernetes.io/cluster/elb": "1",
              "kubernetes.io/cluster/gerador": "shared"
            },
            "tags_all": {
              "Name": "gerador-dev",
              "kubernetes.io/cluster/elb": "1",
              "kubernetes.io/cluster/gerador": "shared"
            },
            "timeouts": null,
            "vpc_id": "vpc-01c7e2f2a608b61a2"
          },
          "sensitive_attributes": [],
          "private": "eyJlMmJmYjczMC1lY2FhLTExZTYtOGY4OC0zNDM2M2JjN2M0YzAiOnsiY3JlYXRlIjoxMjAwMDAwMDAwMDAwLCJkZWxldGUiOjEyMDAwMDAwMDAwMDAsInVwZGF0ZSI6MTIwMDAwMDAwMDAwMH19",
          "dependencies": [
            "module.vpc.aws_vpc.this",
            "module.vpc.aws_vpc_ipv4_cidr_block_association.this"
          ]
        }
      ]
    },
    {
      "module": "module.vpc",
      "mode": "managed",
      "type": "aws_nat_gateway",
      "name": "this",
      "provider": "provider[\"registry.terraform.io/hashicorp/aws\"]",
      "instances": [
        {
          "index_key": 0,
          "schema_version": 0,
          "attributes": {
            "allocation_id": "eipalloc-075015248dc540bf3",
            "association_id": "eipassoc-03dd67ef7f69bc2b0",
            "connectivity_type": "public",
            "id": "nat-03d6cde5222528234",
            "network_interface_id": "eni-0b08d3790cc6740c4",
            "private_ip": "10.0.4.89",
            "public_ip": "44.216.207.115",
            "secondary_allocation_ids": [],
            "secondary_private_ip_address_count": 0,
            "secondary_private_ip_addresses": [],
            "subnet_id": "subnet-0c0b3df28725ed1fc",
            "tags": {
              "Name": "gerador-dev-us-east-1a",
              "kubernetes.io/cluster/elb": "1",
              "kubernetes.io/cluster/gerador": "shared"
            },
            "tags_all": {
              "Name": "gerador-dev-us-east-1a",
              "kubernetes.io/cluster/elb": "1",
              "kubernetes.io/cluster/gerador": "shared"
            },
            "timeouts": null
          },
          "sensitive_attributes": [],
          "private": "eyJlMmJmYjczMC1lY2FhLTExZTYtOGY4OC0zNDM2M2JjN2M0YzAiOnsiY3JlYXRlIjo2MDAwMDAwMDAwMDAsImRlbGV0ZSI6MTgwMDAwMDAwMDAwMCwidXBkYXRlIjo2MDAwMDAwMDAwMDB9fQ==",
          "dependencies": [
            "module.vpc.aws_eip.nat",
            "module.vpc.aws_internet_gateway.this",
            "module.vpc.aws_subnet.public",
            "module.vpc.aws_vpc.this",
            "module.vpc.aws_vpc_ipv4_cidr_block_association.this"
          ]
        }
      ]
    },
    {
      "module": "module.vpc",
      "mode": "managed",
      "type": "aws_route",
      "name": "private_nat_gateway",
      "provider": "provider[\"registry.terraform.io/hashicorp/aws\"]",
      "instances": [
        {
          "index_key": 0,
          "schema_version": 0,
          "attributes": {
            "carrier_gateway_id": "",
            "core_network_arn": "",
            "destination_cidr_block": "0.0.0.0/0",
            "destination_ipv6_cidr_block": "",
            "destination_prefix_list_id": "",
            "egress_only_gateway_id": "",
            "gateway_id": "",
            "id": "r-rtb-029c6d136e320ce681080289494",
            "instance_id": "",
            "instance_owner_id": "",
            "local_gateway_id": "",
            "nat_gateway_id": "nat-03d6cde5222528234",
            "network_interface_id": "",
            "origin": "CreateRoute",
            "route_table_id": "rtb-029c6d136e320ce68",
            "state": "active",
            "timeouts": {
              "create": "5m",
              "delete": null,
              "update": null
            },
            "transit_gateway_id": "",
            "vpc_endpoint_id": "",
            "vpc_peering_connection_id": ""
          },
          "sensitive_attributes": [],
          "private": "eyJlMmJmYjczMC1lY2FhLTExZTYtOGY4OC0zNDM2M2JjN2M0YzAiOnsiY3JlYXRlIjozMDAwMDAwMDAwMDAsImRlbGV0ZSI6MzAwMDAwMDAwMDAwLCJ1cGRhdGUiOjEyMDAwMDAwMDAwMH19",
          "dependencies": [
            "module.vpc.aws_eip.nat",
            "module.vpc.aws_internet_gateway.this",
            "module.vpc.aws_nat_gateway.this",
            "module.vpc.aws_route_table.private",
            "module.vpc.aws_subnet.public",
            "module.vpc.aws_vpc.this",
            "module.vpc.aws_vpc_ipv4_cidr_block_association.this"
          ]
        }
      ]
    },
    {
      "module": "module.vpc",
      "mode": "managed",
      "type": "aws_route",
      "name": "public_internet_gateway",
      "provider": "provider[\"registry.terraform.io/hashicorp/aws\"]",
      "instances": [
        {
          "index_key": 0,
          "schema_version": 0,
          "attributes": {
            "carrier_gateway_id": "",
            "core_network_arn": "",
            "destination_cidr_block": "0.0.0.0/0",
            "destination_ipv6_cidr_block": "",
            "destination_prefix_list_id": "",
            "egress_only_gateway_id": "",
            "gateway_id": "igw-0382b0e1085a30372",
            "id": "r-rtb-0b8691540d9d6ed6e1080289494",
            "instance_id": "",
            "instance_owner_id": "",
            "local_gateway_id": "",
            "nat_gateway_id": "",
            "network_interface_id": "",
            "origin": "CreateRoute",
            "route_table_id": "rtb-0b8691540d9d6ed6e",
            "state": "active",
            "timeouts": {
              "create": "5m",
              "delete": null,
              "update": null
            },
            "transit_gateway_id": "",
            "vpc_endpoint_id": "",
            "vpc_peering_connection_id": ""
          },
          "sensitive_attributes": [],
          "private": "eyJlMmJmYjczMC1lY2FhLTExZTYtOGY4OC0zNDM2M2JjN2M0YzAiOnsiY3JlYXRlIjozMDAwMDAwMDAwMDAsImRlbGV0ZSI6MzAwMDAwMDAwMDAwLCJ1cGRhdGUiOjEyMDAwMDAwMDAwMH19",
          "dependencies": [
            "module.vpc.aws_internet_gateway.this",
            "module.vpc.aws_route_table.public",
            "module.vpc.aws_vpc.this",
            "module.vpc.aws_vpc_ipv4_cidr_block_association.this"
          ]
        }
      ]
    },
    {
      "module": "module.vpc",
      "mode": "managed",
      "type": "aws_route_table",
      "name": "private",
      "provider": "provider[\"registry.terraform.io/hashicorp/aws\"]",
      "instances": [
        {
          "index_key": 0,
          "schema_version": 0,
          "attributes": {
            "arn": "arn:aws:ec2:us-east-1:637423345847:route-table/rtb-029c6d136e320ce68",
            "id": "rtb-029c6d136e320ce68",
            "owner_id": "637423345847",
            "propagating_vgws": [],
            "route": [
              {
                "carrier_gateway_id": "",
                "cidr_block": "0.0.0.0/0",
                "core_network_arn": "",
                "destination_prefix_list_id": "",
                "egress_only_gateway_id": "",
                "gateway_id": "",
                "ipv6_cidr_block": "",
                "local_gateway_id": "",
                "nat_gateway_id": "nat-03d6cde5222528234",
                "network_interface_id": "",
                "transit_gateway_id": "",
                "vpc_endpoint_id": "",
                "vpc_peering_connection_id": ""
              }
            ],
            "tags": {
              "Name": "gerador-dev-private",
              "kubernetes.io/cluster/elb": "1",
              "kubernetes.io/cluster/gerador": "shared"
            },
            "tags_all": {
              "Name": "gerador-dev-private",
              "kubernetes.io/cluster/elb": "1",
              "kubernetes.io/cluster/gerador": "shared"
            },
            "timeouts": null,
            "vpc_id": "vpc-01c7e2f2a608b61a2"
          },
          "sensitive_attributes": [],
          "private": "eyJlMmJmYjczMC1lY2FhLTExZTYtOGY4OC0zNDM2M2JjN2M0YzAiOnsiY3JlYXRlIjozMDAwMDAwMDAwMDAsImRlbGV0ZSI6MzAwMDAwMDAwMDAwLCJ1cGRhdGUiOjEyMDAwMDAwMDAwMH19",
          "dependencies": [
            "module.vpc.aws_vpc.this",
            "module.vpc.aws_vpc_ipv4_cidr_block_association.this"
          ]
        }
      ]
    },
    {
      "module": "module.vpc",
      "mode": "managed",
      "type": "aws_route_table",
      "name": "public",
      "provider": "provider[\"registry.terraform.io/hashicorp/aws\"]",
      "instances": [
        {
          "index_key": 0,
          "schema_version": 0,
          "attributes": {
            "arn": "arn:aws:ec2:us-east-1:637423345847:route-table/rtb-0b8691540d9d6ed6e",
            "id": "rtb-0b8691540d9d6ed6e",
            "owner_id": "637423345847",
            "propagating_vgws": [],
            "route": [
              {
                "carrier_gateway_id": "",
                "cidr_block": "0.0.0.0/0",
                "core_network_arn": "",
                "destination_prefix_list_id": "",
                "egress_only_gateway_id": "",
                "gateway_id": "igw-0382b0e1085a30372",
                "ipv6_cidr_block": "",
                "local_gateway_id": "",
                "nat_gateway_id": "",
                "network_interface_id": "",
                "transit_gateway_id": "",
                "vpc_endpoint_id": "",
                "vpc_peering_connection_id": ""
              }
            ],
            "tags": {
              "Name": "gerador-dev-public",
              "kubernetes.io/cluster/elb": "1",
              "kubernetes.io/cluster/gerador": "shared"
            },
            "tags_all": {
              "Name": "gerador-dev-public",
              "kubernetes.io/cluster/elb": "1",
              "kubernetes.io/cluster/gerador": "shared"
            },
            "timeouts": null,
            "vpc_id": "vpc-01c7e2f2a608b61a2"
          },
          "sensitive_attributes": [],
          "private": "eyJlMmJmYjczMC1lY2FhLTExZTYtOGY4OC0zNDM2M2JjN2M0YzAiOnsiY3JlYXRlIjozMDAwMDAwMDAwMDAsImRlbGV0ZSI6MzAwMDAwMDAwMDAwLCJ1cGRhdGUiOjEyMDAwMDAwMDAwMH19",
          "dependencies": [
            "module.vpc.aws_vpc.this",
            "module.vpc.aws_vpc_ipv4_cidr_block_association.this"
          ]
        }
      ]
    },
    {
      "module": "module.vpc",
      "mode": "managed",
      "type": "aws_route_table_association",
      "name": "private",
      "provider": "provider[\"registry.terraform.io/hashicorp/aws\"]",
      "instances": [
        {
          "index_key": 0,
          "schema_version": 0,
          "attributes": {
            "gateway_id": "",
            "id": "rtbassoc-06e54b4024c650d2b",
            "route_table_id": "rtb-029c6d136e320ce68",
            "subnet_id": "subnet-0c1152ccafffc9fec",
            "timeouts": null
          },
          "sensitive_attributes": [],
          "private": "eyJlMmJmYjczMC1lY2FhLTExZTYtOGY4OC0zNDM2M2JjN2M0YzAiOnsiY3JlYXRlIjozMDAwMDAwMDAwMDAsImRlbGV0ZSI6MzAwMDAwMDAwMDAwLCJ1cGRhdGUiOjEyMDAwMDAwMDAwMH19",
          "dependencies": [
            "module.vpc.aws_route_table.private",
            "module.vpc.aws_subnet.private",
            "module.vpc.aws_vpc.this",
            "module.vpc.aws_vpc_ipv4_cidr_block_association.this"
          ]
        },
        {
          "index_key": 1,
          "schema_version": 0,
          "attributes": {
            "gateway_id": "",
            "id": "rtbassoc-0991ad81ec1c33577",
            "route_table_id": "rtb-029c6d136e320ce68",
            "subnet_id": "subnet-0963442665125dcf9",
            "timeouts": null
          },
          "sensitive_attributes": [],
          "private": "eyJlMmJmYjczMC1lY2FhLTExZTYtOGY4OC0zNDM2M2JjN2M0YzAiOnsiY3JlYXRlIjozMDAwMDAwMDAwMDAsImRlbGV0ZSI6MzAwMDAwMDAwMDAwLCJ1cGRhdGUiOjEyMDAwMDAwMDAwMH19",
          "dependencies": [
            "module.vpc.aws_route_table.private",
            "module.vpc.aws_subnet.private",
            "module.vpc.aws_vpc.this",
            "module.vpc.aws_vpc_ipv4_cidr_block_association.this"
          ]
        },
        {
          "index_key": 2,
          "schema_version": 0,
          "attributes": {
            "gateway_id": "",
            "id": "rtbassoc-0921b8135c2575cfd",
            "route_table_id": "rtb-029c6d136e320ce68",
            "subnet_id": "subnet-05c8d9fca49b92c4b",
            "timeouts": null
          },
          "sensitive_attributes": [],
          "private": "eyJlMmJmYjczMC1lY2FhLTExZTYtOGY4OC0zNDM2M2JjN2M0YzAiOnsiY3JlYXRlIjozMDAwMDAwMDAwMDAsImRlbGV0ZSI6MzAwMDAwMDAwMDAwLCJ1cGRhdGUiOjEyMDAwMDAwMDAwMH19",
          "dependencies": [
            "module.vpc.aws_route_table.private",
            "module.vpc.aws_subnet.private",
            "module.vpc.aws_vpc.this",
            "module.vpc.aws_vpc_ipv4_cidr_block_association.this"
          ]
        }
      ]
    },
    {
      "module": "module.vpc",
      "mode": "managed",
      "type": "aws_route_table_association",
      "name": "public",
      "provider": "provider[\"registry.terraform.io/hashicorp/aws\"]",
      "instances": [
        {
          "index_key": 0,
          "schema_version": 0,
          "attributes": {
            "gateway_id": "",
            "id": "rtbassoc-0063fae0bd779b04e",
            "route_table_id": "rtb-0b8691540d9d6ed6e",
            "subnet_id": "subnet-0c0b3df28725ed1fc",
            "timeouts": null
          },
          "sensitive_attributes": [],
          "private": "eyJlMmJmYjczMC1lY2FhLTExZTYtOGY4OC0zNDM2M2JjN2M0YzAiOnsiY3JlYXRlIjozMDAwMDAwMDAwMDAsImRlbGV0ZSI6MzAwMDAwMDAwMDAwLCJ1cGRhdGUiOjEyMDAwMDAwMDAwMH19",
          "dependencies": [
            "module.vpc.aws_route_table.public",
            "module.vpc.aws_subnet.public",
            "module.vpc.aws_vpc.this",
            "module.vpc.aws_vpc_ipv4_cidr_block_association.this"
          ]
        },
        {
          "index_key": 1,
          "schema_version": 0,
          "attributes": {
            "gateway_id": "",
            "id": "rtbassoc-088812f6d311de814",
            "route_table_id": "rtb-0b8691540d9d6ed6e",
            "subnet_id": "subnet-02a9b418969f132c8",
            "timeouts": null
          },
          "sensitive_attributes": [],
          "private": "eyJlMmJmYjczMC1lY2FhLTExZTYtOGY4OC0zNDM2M2JjN2M0YzAiOnsiY3JlYXRlIjozMDAwMDAwMDAwMDAsImRlbGV0ZSI6MzAwMDAwMDAwMDAwLCJ1cGRhdGUiOjEyMDAwMDAwMDAwMH19",
          "dependencies": [
            "module.vpc.aws_route_table.public",
            "module.vpc.aws_subnet.public",
            "module.vpc.aws_vpc.this",
            "module.vpc.aws_vpc_ipv4_cidr_block_association.this"
          ]
        },
        {
          "index_key": 2,
          "schema_version": 0,
          "attributes": {
            "gateway_id": "",
            "id": "rtbassoc-0668a5ef38e2388a1",
            "route_table_id": "rtb-0b8691540d9d6ed6e",
            "subnet_id": "subnet-05144f5223adeecc8",
            "timeouts": null
          },
          "sensitive_attributes": [],
          "private": "eyJlMmJmYjczMC1lY2FhLTExZTYtOGY4OC0zNDM2M2JjN2M0YzAiOnsiY3JlYXRlIjozMDAwMDAwMDAwMDAsImRlbGV0ZSI6MzAwMDAwMDAwMDAwLCJ1cGRhdGUiOjEyMDAwMDAwMDAwMH19",
          "dependencies": [
            "module.vpc.aws_route_table.public",
            "module.vpc.aws_subnet.public",
            "module.vpc.aws_vpc.this",
            "module.vpc.aws_vpc_ipv4_cidr_block_association.this"
          ]
        }
      ]
    },
    {
      "module": "module.vpc",
      "mode": "managed",
      "type": "aws_subnet",
      "name": "private",
      "provider": "provider[\"registry.terraform.io/hashicorp/aws\"]",
      "instances": [
        {
          "index_key": 0,
          "schema_version": 1,
          "attributes": {
            "arn": "arn:aws:ec2:us-east-1:637423345847:subnet/subnet-0c1152ccafffc9fec",
            "assign_ipv6_address_on_creation": false,
            "availability_zone": "us-east-1a",
            "availability_zone_id": "use1-az2",
            "cidr_block": "10.0.1.0/24",
            "customer_owned_ipv4_pool": "",
            "enable_dns64": false,
            "enable_lni_at_device_index": 0,
            "enable_resource_name_dns_a_record_on_launch": false,
            "enable_resource_name_dns_aaaa_record_on_launch": false,
            "id": "subnet-0c1152ccafffc9fec",
            "ipv6_cidr_block": "",
            "ipv6_cidr_block_association_id": "",
            "ipv6_native": false,
            "map_customer_owned_ip_on_launch": false,
            "map_public_ip_on_launch": false,
            "outpost_arn": "",
            "owner_id": "637423345847",
            "private_dns_hostname_type_on_launch": "ip-name",
            "tags": {
              "Name": "gerador-dev-private-us-east-1a",
              "kubernetes.io/cluster/elb": "1",
              "kubernetes.io/cluster/gerador": "shared"
            },
            "tags_all": {
              "Name": "gerador-dev-private-us-east-1a",
              "kubernetes.io/cluster/elb": "1",
              "kubernetes.io/cluster/gerador": "shared"
            },
            "timeouts": null,
            "vpc_id": "vpc-01c7e2f2a608b61a2"
          },
          "sensitive_attributes": [],
          "private": "eyJlMmJmYjczMC1lY2FhLTExZTYtOGY4OC0zNDM2M2JjN2M0YzAiOnsiY3JlYXRlIjo2MDAwMDAwMDAwMDAsImRlbGV0ZSI6MTIwMDAwMDAwMDAwMH0sInNjaGVtYV92ZXJzaW9uIjoiMSJ9",
          "dependencies": [
            "module.vpc.aws_vpc.this",
            "module.vpc.aws_vpc_ipv4_cidr_block_association.this"
          ]
        },
        {
          "index_key": 1,
          "schema_version": 1,
          "attributes": {
            "arn": "arn:aws:ec2:us-east-1:637423345847:subnet/subnet-0963442665125dcf9",
            "assign_ipv6_address_on_creation": false,
            "availability_zone": "us-east-1b",
            "availability_zone_id": "use1-az4",
            "cidr_block": "10.0.2.0/24",
            "customer_owned_ipv4_pool": "",
            "enable_dns64": false,
            "enable_lni_at_device_index": 0,
            "enable_resource_name_dns_a_record_on_launch": false,
            "enable_resource_name_dns_aaaa_record_on_launch": false,
            "id": "subnet-0963442665125dcf9",
            "ipv6_cidr_block": "",
            "ipv6_cidr_block_association_id": "",
            "ipv6_native": false,
            "map_customer_owned_ip_on_launch": false,
            "map_public_ip_on_launch": false,
            "outpost_arn": "",
            "owner_id": "637423345847",
            "private_dns_hostname_type_on_launch": "ip-name",
            "tags": {
              "Name": "gerador-dev-private-us-east-1b",
              "kubernetes.io/cluster/elb": "1",
              "kubernetes.io/cluster/gerador": "shared"
            },
            "tags_all": {
              "Name": "gerador-dev-private-us-east-1b",
              "kubernetes.io/cluster/elb": "1",
              "kubernetes.io/cluster/gerador": "shared"
            },
            "timeouts": null,
            "vpc_id": "vpc-01c7e2f2a608b61a2"
          },
          "sensitive_attributes": [],
          "private": "eyJlMmJmYjczMC1lY2FhLTExZTYtOGY4OC0zNDM2M2JjN2M0YzAiOnsiY3JlYXRlIjo2MDAwMDAwMDAwMDAsImRlbGV0ZSI6MTIwMDAwMDAwMDAwMH0sInNjaGVtYV92ZXJzaW9uIjoiMSJ9",
          "dependencies": [
            "module.vpc.aws_vpc.this",
            "module.vpc.aws_vpc_ipv4_cidr_block_association.this"
          ]
        },
        {
          "index_key": 2,
          "schema_version": 1,
          "attributes": {
            "arn": "arn:aws:ec2:us-east-1:637423345847:subnet/subnet-05c8d9fca49b92c4b",
            "assign_ipv6_address_on_creation": false,
            "availability_zone": "us-east-1c",
            "availability_zone_id": "use1-az6",
            "cidr_block": "10.0.3.0/24",
            "customer_owned_ipv4_pool": "",
            "enable_dns64": false,
            "enable_lni_at_device_index": 0,
            "enable_resource_name_dns_a_record_on_launch": false,
            "enable_resource_name_dns_aaaa_record_on_launch": false,
            "id": "subnet-05c8d9fca49b92c4b",
            "ipv6_cidr_block": "",
            "ipv6_cidr_block_association_id": "",
            "ipv6_native": false,
            "map_customer_owned_ip_on_launch": false,
            "map_public_ip_on_launch": false,
            "outpost_arn": "",
            "owner_id": "637423345847",
            "private_dns_hostname_type_on_launch": "ip-name",
            "tags": {
              "Name": "gerador-dev-private-us-east-1c",
              "kubernetes.io/cluster/elb": "1",
              "kubernetes.io/cluster/gerador": "shared"
            },
            "tags_all": {
              "Name": "gerador-dev-private-us-east-1c",
              "kubernetes.io/cluster/elb": "1",
              "kubernetes.io/cluster/gerador": "shared"
            },
            "timeouts": null,
            "vpc_id": "vpc-01c7e2f2a608b61a2"
          },
          "sensitive_attributes": [],
          "private": "eyJlMmJmYjczMC1lY2FhLTExZTYtOGY4OC0zNDM2M2JjN2M0YzAiOnsiY3JlYXRlIjo2MDAwMDAwMDAwMDAsImRlbGV0ZSI6MTIwMDAwMDAwMDAwMH0sInNjaGVtYV92ZXJzaW9uIjoiMSJ9",
          "dependencies": [
            "module.vpc.aws_vpc.this",
            "module.vpc.aws_vpc_ipv4_cidr_block_association.this"
          ]
        }
      ]
    },
    {
      "module": "module.vpc",
      "mode": "managed",
      "type": "aws_subnet",
      "name": "public",
      "provider": "provider[\"registry.terraform.io/hashicorp/aws\"]",
      "instances": [
        {
          "index_key": 0,
          "schema_version": 1,
          "attributes": {
            "arn": "arn:aws:ec2:us-east-1:637423345847:subnet/subnet-0c0b3df28725ed1fc",
            "assign_ipv6_address_on_creation": false,
            "availability_zone": "us-east-1a",
            "availability_zone_id": "use1-az2",
            "cidr_block": "10.0.4.0/24",
            "customer_owned_ipv4_pool": "",
            "enable_dns64": false,
            "enable_lni_at_device_index": 0,
            "enable_resource_name_dns_a_record_on_launch": false,
            "enable_resource_name_dns_aaaa_record_on_launch": false,
            "id": "subnet-0c0b3df28725ed1fc",
            "ipv6_cidr_block": "",
            "ipv6_cidr_block_association_id": "",
            "ipv6_native": false,
            "map_customer_owned_ip_on_launch": false,
            "map_public_ip_on_launch": false,
            "outpost_arn": "",
            "owner_id": "637423345847",
            "private_dns_hostname_type_on_launch": "ip-name",
            "tags": {
              "Name": "gerador-dev-public-us-east-1a",
              "kubernetes.io/cluster/elb": "1",
              "kubernetes.io/cluster/gerador": "shared"
            },
            "tags_all": {
              "Name": "gerador-dev-public-us-east-1a",
              "kubernetes.io/cluster/elb": "1",
              "kubernetes.io/cluster/gerador": "shared"
            },
            "timeouts": null,
            "vpc_id": "vpc-01c7e2f2a608b61a2"
          },
          "sensitive_attributes": [],
          "private": "eyJlMmJmYjczMC1lY2FhLTExZTYtOGY4OC0zNDM2M2JjN2M0YzAiOnsiY3JlYXRlIjo2MDAwMDAwMDAwMDAsImRlbGV0ZSI6MTIwMDAwMDAwMDAwMH0sInNjaGVtYV92ZXJzaW9uIjoiMSJ9",
          "dependencies": [
            "module.vpc.aws_vpc.this",
            "module.vpc.aws_vpc_ipv4_cidr_block_association.this"
          ]
        },
        {
          "index_key": 1,
          "schema_version": 1,
          "attributes": {
            "arn": "arn:aws:ec2:us-east-1:637423345847:subnet/subnet-02a9b418969f132c8",
            "assign_ipv6_address_on_creation": false,
            "availability_zone": "us-east-1b",
            "availability_zone_id": "use1-az4",
            "cidr_block": "10.0.5.0/24",
            "customer_owned_ipv4_pool": "",
            "enable_dns64": false,
            "enable_lni_at_device_index": 0,
            "enable_resource_name_dns_a_record_on_launch": false,
            "enable_resource_name_dns_aaaa_record_on_launch": false,
            "id": "subnet-02a9b418969f132c8",
            "ipv6_cidr_block": "",
            "ipv6_cidr_block_association_id": "",
            "ipv6_native": false,
            "map_customer_owned_ip_on_launch": false,
            "map_public_ip_on_launch": false,
            "outpost_arn": "",
            "owner_id": "637423345847",
            "private_dns_hostname_type_on_launch": "ip-name",
            "tags": {
              "Name": "gerador-dev-public-us-east-1b",
              "kubernetes.io/cluster/elb": "1",
              "kubernetes.io/cluster/gerador": "shared"
            },
            "tags_all": {
              "Name": "gerador-dev-public-us-east-1b",
              "kubernetes.io/cluster/elb": "1",
              "kubernetes.io/cluster/gerador": "shared"
            },
            "timeouts": null,
            "vpc_id": "vpc-01c7e2f2a608b61a2"
          },
          "sensitive_attributes": [],
          "private": "eyJlMmJmYjczMC1lY2FhLTExZTYtOGY4OC0zNDM2M2JjN2M0YzAiOnsiY3JlYXRlIjo2MDAwMDAwMDAwMDAsImRlbGV0ZSI6MTIwMDAwMDAwMDAwMH0sInNjaGVtYV92ZXJzaW9uIjoiMSJ9",
          "dependencies": [
            "module.vpc.aws_vpc.this",
            "module.vpc.aws_vpc_ipv4_cidr_block_association.this"
          ]
        },
        {
          "index_key": 2,
          "schema_version": 1,
          "attributes": {
            "arn": "arn:aws:ec2:us-east-1:637423345847:subnet/subnet-05144f5223adeecc8",
            "assign_ipv6_address_on_creation": false,
            "availability_zone": "us-east-1c",
            "availability_zone_id": "use1-az6",
            "cidr_block": "10.0.6.0/24",
            "customer_owned_ipv4_pool": "",
            "enable_dns64": false,
            "enable_lni_at_device_index": 0,
            "enable_resource_name_dns_a_record_on_launch": false,
            "enable_resource_name_dns_aaaa_record_on_launch": false,
            "id": "subnet-05144f5223adeecc8",
            "ipv6_cidr_block": "",
            "ipv6_cidr_block_association_id": "",
            "ipv6_native": false,
            "map_customer_owned_ip_on_launch": false,
            "map_public_ip_on_launch": false,
            "outpost_arn": "",
            "owner_id": "637423345847",
            "private_dns_hostname_type_on_launch": "ip-name",
            "tags": {
              "Name": "gerador-dev-public-us-east-1c",
              "kubernetes.io/cluster/elb": "1",
              "kubernetes.io/cluster/gerador": "shared"
            },
            "tags_all": {
              "Name": "gerador-dev-public-us-east-1c",
              "kubernetes.io/cluster/elb": "1",
              "kubernetes.io/cluster/gerador": "shared"
            },
            "timeouts": null,
            "vpc_id": "vpc-01c7e2f2a608b61a2"
          },
          "sensitive_attributes": [],
          "private": "eyJlMmJmYjczMC1lY2FhLTExZTYtOGY4OC0zNDM2M2JjN2M0YzAiOnsiY3JlYXRlIjo2MDAwMDAwMDAwMDAsImRlbGV0ZSI6MTIwMDAwMDAwMDAwMH0sInNjaGVtYV92ZXJzaW9uIjoiMSJ9",
          "dependencies": [
            "module.vpc.aws_vpc.this",
            "module.vpc.aws_vpc_ipv4_cidr_block_association.this"
          ]
        }
      ]
    },
    {
      "module": "module.vpc",
      "mode": "managed",
      "type": "aws_vpc",
      "name": "this",
      "provider": "provider[\"registry.terraform.io/hashicorp/aws\"]",
      "instances": [
        {
          "index_key": 0,
          "schema_version": 1,
          "attributes": {
            "arn": "arn:aws:ec2:us-east-1:637423345847:vpc/vpc-01c7e2f2a608b61a2",
            "assign_generated_ipv6_cidr_block": false,
            "cidr_block": "10.0.0.0/16",
            "default_network_acl_id": "acl-080e17fa2ba6ed3f4",
            "default_route_table_id": "rtb-0eb9e66ca8565b4db",
            "default_security_group_id": "sg-0eb908523374c0dbb",
            "dhcp_options_id": "dopt-007379d7d4d0443e5",
            "enable_dns_hostnames": true,
            "enable_dns_support": true,
            "enable_network_address_usage_metrics": false,
            "id": "vpc-01c7e2f2a608b61a2",
            "instance_tenancy": "default",
            "ipv4_ipam_pool_id": null,
            "ipv4_netmask_length": null,
            "ipv6_association_id": "",
            "ipv6_cidr_block": "",
            "ipv6_cidr_block_network_border_group": "",
            "ipv6_ipam_pool_id": "",
            "ipv6_netmask_length": 0,
            "main_route_table_id": "rtb-0eb9e66ca8565b4db",
            "owner_id": "637423345847",
            "tags": {
              "Name": "gerador-dev",
              "kubernetes.io/cluster/elb": "1",
              "kubernetes.io/cluster/gerador": "shared"
            },
            "tags_all": {
              "Name": "gerador-dev",
              "kubernetes.io/cluster/elb": "1",
              "kubernetes.io/cluster/gerador": "shared"
            }
          },
          "sensitive_attributes": [],
          "private": "eyJzY2hlbWFfdmVyc2lvbiI6IjEifQ=="
        }
      ]
    },
    {
      "module": "module.vpc",
      "mode": "managed",
      "type": "aws_vpn_gateway",
      "name": "this",
      "provider": "provider[\"registry.terraform.io/hashicorp/aws\"]",
      "instances": [
        {
          "index_key": 0,
          "schema_version": 0,
          "attributes": {
            "amazon_side_asn": "64512",
            "arn": "arn:aws:ec2:us-east-1:637423345847:vpn-gateway/vgw-0c49329cb7b36aced",
            "availability_zone": null,
            "id": "vgw-0c49329cb7b36aced",
            "tags": {
              "Name": "gerador-dev",
              "kubernetes.io/cluster/elb": "1",
              "kubernetes.io/cluster/gerador": "shared"
            },
            "tags_all": {
              "Name": "gerador-dev",
              "kubernetes.io/cluster/elb": "1",
              "kubernetes.io/cluster/gerador": "shared"
            },
            "vpc_id": "vpc-01c7e2f2a608b61a2"
          },
          "sensitive_attributes": [],
          "private": "bnVsbA==",
          "dependencies": [
            "module.vpc.aws_vpc.this",
            "module.vpc.aws_vpc_ipv4_cidr_block_association.this"
          ]
        }
      ]
    }
  ],
  "check_results": null
}
